// !$*UTF8*$!
{
	archiveVersion = 1;
	classes = {
	};
	objectVersion = 46;
	objects = {

/* Begin PBXBuildFile section */
		9B0C3BD023CCA4DB0010C7F3 /* www_api.cc in Sources */ = {isa = PBXBuildFile; fileRef = 9B0C3BCE23CCA4DB0010C7F3 /* www_api.cc */; };
		9B0C3BD123CCA4DB0010C7F3 /* www_api.h in Headers */ = {isa = PBXBuildFile; fileRef = 9B0C3BCF23CCA4DB0010C7F3 /* www_api.h */; };
		9B0C3BD423CCC4F40010C7F3 /* libxdl.dylib in Frameworks */ = {isa = PBXBuildFile; fileRef = 9B0C3BD223CCC4F40010C7F3 /* libxdl.dylib */; };
		9B0C3BD523CCC4F40010C7F3 /* libxds.dylib in Frameworks */ = {isa = PBXBuildFile; fileRef = 9B0C3BD323CCC4F40010C7F3 /* libxds.dylib */; };
/* End PBXBuildFile section */

/* Begin PBXFileReference section */
		9B0C3BC723CCA4AC0010C7F3 /* libwww_api.dylib */ = {isa = PBXFileReference; explicitFileType = "compiled.mach-o.dylib"; includeInIndex = 0; path = libwww_api.dylib; sourceTree = BUILT_PRODUCTS_DIR; };
		9B0C3BCE23CCA4DB0010C7F3 /* www_api.cc */ = {isa = PBXFileReference; fileEncoding = 4; lastKnownFileType = sourcecode.cpp.cpp; name = www_api.cc; path = ../../api/www_api/www_api.cc; sourceTree = "<group>"; };
		9B0C3BCF23CCA4DB0010C7F3 /* www_api.h */ = {isa = PBXFileReference; fileEncoding = 4; lastKnownFileType = sourcecode.c.h; name = www_api.h; path = ../../api/www_api/www_api.h; sourceTree = "<group>"; };
		9B0C3BD223CCC4F40010C7F3 /* libxdl.dylib */ = {isa = PBXFileReference; lastKnownFileType = "compiled.mach-o.dylib"; name = libxdl.dylib; path = "../../../Easily-app-5/macos/sbin/api/libxdl.dylib"; sourceTree = "<group>"; };
		9B0C3BD323CCC4F40010C7F3 /* libxds.dylib */ = {isa = PBXFileReference; lastKnownFileType = "compiled.mach-o.dylib"; name = libxds.dylib; path = "../../../Easily-app-5/macos/sbin/api/libxds.dylib"; sourceTree = "<group>"; };
/* End PBXFileReference section */

/* Begin PBXFrameworksBuildPhase section */
		9B0C3BC423CCA4AC0010C7F3 /* Frameworks */ = {
			isa = PBXFrameworksBuildPhase;
			buildActionMask = 2147483647;
			files = (
				9B0C3BD523CCC4F40010C7F3 /* libxds.dylib in Frameworks */,
				9B0C3BD423CCC4F40010C7F3 /* libxdl.dylib in Frameworks */,
			);
			runOnlyForDeploymentPostprocessing = 0;
		};
/* End PBXFrameworksBuildPhase section */

/* Begin PBXGroup section */
		9B0C3BBE23CCA4AC0010C7F3 = {
			isa = PBXGroup;
			children = (
				9B0C3BD223CCC4F40010C7F3 /* libxdl.dylib */,
				9B0C3BD323CCC4F40010C7F3 /* libxds.dylib */,
				9B0C3BCE23CCA4DB0010C7F3 /* www_api.cc */,
				9B0C3BCF23CCA4DB0010C7F3 /* www_api.h */,
				9B0C3BC823CCA4AC0010C7F3 /* Products */,
			);
			sourceTree = "<group>";
		};
		9B0C3BC823CCA4AC0010C7F3 /* Products */ = {
			isa = PBXGroup;
			children = (
				9B0C3BC723CCA4AC0010C7F3 /* libwww_api.dylib */,
			);
			name = Products;
			sourceTree = "<group>";
		};
/* End PBXGroup section */

/* Begin PBXHeadersBuildPhase section */
		9B0C3BC523CCA4AC0010C7F3 /* Headers */ = {
			isa = PBXHeadersBuildPhase;
			buildActionMask = 2147483647;
			files = (
				9B0C3BD123CCA4DB0010C7F3 /* www_api.h in Headers */,
			);
			runOnlyForDeploymentPostprocessing = 0;
		};
/* End PBXHeadersBuildPhase section */

/* Begin PBXNativeTarget section */
		9B0C3BC623CCA4AC0010C7F3 /* www_api */ = {
			isa = PBXNativeTarget;
			buildConfigurationList = 9B0C3BCB23CCA4AC0010C7F3 /* Build configuration list for PBXNativeTarget "www_api" */;
			buildPhases = (
				9B0C3BC323CCA4AC0010C7F3 /* Sources */,
				9B0C3BC423CCA4AC0010C7F3 /* Frameworks */,
				9B0C3BC523CCA4AC0010C7F3 /* Headers */,
			);
			buildRules = (
			);
			dependencies = (
			);
			name = www_api;
			productName = www_api;
			productReference = 9B0C3BC723CCA4AC0010C7F3 /* libwww_api.dylib */;
			productType = "com.apple.product-type.library.dynamic";
		};
/* End PBXNativeTarget section */

/* Begin PBXProject section */
		9B0C3BBF23CCA4AC0010C7F3 /* Project object */ = {
			isa = PBXProject;
			attributes = {
				LastUpgradeCheck = 0720;
				ORGANIZATIONNAME = "张文权";
				TargetAttributes = {
					9B0C3BC623CCA4AC0010C7F3 = {
						CreatedOnToolsVersion = 7.2.1;
					};
				};
			};
			buildConfigurationList = 9B0C3BC223CCA4AC0010C7F3 /* Build configuration list for PBXProject "www_api" */;
			compatibilityVersion = "Xcode 3.2";
			developmentRegion = English;
			hasScannedForEncodings = 0;
			knownRegions = (
				en,
			);
			mainGroup = 9B0C3BBE23CCA4AC0010C7F3;
			productRefGroup = 9B0C3BC823CCA4AC0010C7F3 /* Products */;
			projectDirPath = "";
			projectRoot = "";
			targets = (
				9B0C3BC623CCA4AC0010C7F3 /* www_api */,
			);
		};
/* End PBXProject section */

/* Begin PBXSourcesBuildPhase section */
		9B0C3BC323CCA4AC0010C7F3 /* Sources */ = {
			isa = PBXSourcesBuildPhase;
			buildActionMask = 2147483647;
			files = (
				9B0C3BD023CCA4DB0010C7F3 /* www_api.cc in Sources */,
			);
			runOnlyForDeploymentPostprocessing = 0;
		};
/* End PBXSourcesBuildPhase section */

/* Begin XCBuildConfiguration section */
		9B0C3BC923CCA4AC0010C7F3 /* Debug */ = {
			isa = XCBuildConfiguration;
			buildSettings = {
				ALWAYS_SEARCH_USER_PATHS = NO;
				CLANG_CXX_LANGUAGE_STANDARD = "gnu++0x";
				CLANG_CXX_LIBRARY = "libc++";
				CLANG_ENABLE_MODULES = YES;
				CLANG_ENABLE_OBJC_ARC = YES;
				CLANG_WARN_BOOL_CONVERSION = YES;
				CLANG_WARN_CONSTANT_CONVERSION = YES;
				CLANG_WARN_DIRECT_OBJC_ISA_USAGE = YES_ERROR;
				CLANG_WARN_EMPTY_BODY = YES;
				CLANG_WARN_ENUM_CONVERSION = YES;
				CLANG_WARN_INT_CONVERSION = YES;
				CLANG_WARN_OBJC_ROOT_CLASS = YES_ERROR;
				CLANG_WARN_UNREACHABLE_CODE = YES;
				CLANG_WARN__DUPLICATE_METHOD_MATCH = YES;
				CODE_SIGN_IDENTITY = "-";
				COPY_PHASE_STRIP = NO;
				DEBUG_INFORMATION_FORMAT = dwarf;
				ENABLE_STRICT_OBJC_MSGSEND = YES;
				ENABLE_TESTABILITY = YES;
				GCC_C_LANGUAGE_STANDARD = gnu99;
				GCC_DYNAMIC_NO_PIC = NO;
				GCC_NO_COMMON_BLOCKS = YES;
				GCC_OPTIMIZATION_LEVEL = 0;
				GCC_PREPROCESSOR_DEFINITIONS = (
					"DEBUG=1",
					"$(inherited)",
				);
				GCC_WARN_64_TO_32_BIT_CONVERSION = YES;
				GCC_WARN_ABOUT_RETURN_TYPE = YES_ERROR;
				GCC_WARN_UNDECLARED_SELECTOR = YES;
				GCC_WARN_UNINITIALIZED_AUTOS = YES_AGGRESSIVE;
				GCC_WARN_UNUSED_FUNCTION = YES;
				GCC_WARN_UNUSED_VARIABLE = YES;
				MACOSX_DEPLOYMENT_TARGET = 10.10;
				MTL_ENABLE_DEBUG_INFO = YES;
				ONLY_ACTIVE_ARCH = YES;
				SDKROOT = macosx;
			};
			name = Debug;
		};
		9B0C3BCA23CCA4AC0010C7F3 /* Release */ = {
			isa = XCBuildConfiguration;
			buildSettings = {
				ALWAYS_SEARCH_USER_PATHS = NO;
				CLANG_CXX_LANGUAGE_STANDARD = "gnu++0x";
				CLANG_CXX_LIBRARY = "libc++";
				CLANG_ENABLE_MODULES = YES;
				CLANG_ENABLE_OBJC_ARC = YES;
				CLANG_WARN_BOOL_CONVERSION = YES;
				CLANG_WARN_CONSTANT_CONVERSION = YES;
				CLANG_WARN_DIRECT_OBJC_ISA_USAGE = YES_ERROR;
				CLANG_WARN_EMPTY_BODY = YES;
				CLANG_WARN_ENUM_CONVERSION = YES;
				CLANG_WARN_INT_CONVERSION = YES;
				CLANG_WARN_OBJC_ROOT_CLASS = YES_ERROR;
				CLANG_WARN_UNREACHABLE_CODE = YES;
				CLANG_WARN__DUPLICATE_METHOD_MATCH = YES;
				CODE_SIGN_IDENTITY = "-";
				COPY_PHASE_STRIP = NO;
				DEBUG_INFORMATION_FORMAT = "dwarf-with-dsym";
				ENABLE_NS_ASSERTIONS = NO;
				ENABLE_STRICT_OBJC_MSGSEND = YES;
				GCC_C_LANGUAGE_STANDARD = gnu99;
				GCC_NO_COMMON_BLOCKS = YES;
				GCC_WARN_64_TO_32_BIT_CONVERSION = YES;
				GCC_WARN_ABOUT_RETURN_TYPE = YES_ERROR;
				GCC_WARN_UNDECLARED_SELECTOR = YES;
				GCC_WARN_UNINITIALIZED_AUTOS = YES_AGGRESSIVE;
				GCC_WARN_UNUSED_FUNCTION = YES;
				GCC_WARN_UNUSED_VARIABLE = YES;
				MACOSX_DEPLOYMENT_TARGET = 10.10;
				MTL_ENABLE_DEBUG_INFO = NO;
				SDKROOT = macosx;
			};
			name = Release;
		};
		9B0C3BCC23CCA4AC0010C7F3 /* Debug */ = {
			isa = XCBuildConfiguration;
			buildSettings = {
				CONFIGURATION_BUILD_DIR = "$(BUILD_DIR)";
				DYLIB_COMPATIBILITY_VERSION = 1;
				DYLIB_CURRENT_VERSION = 1;
				DYLIB_INSTALL_NAME_BASE = "/Users/zwq/工程/Easily-app-5/macos/sbin/api";
				EXECUTABLE_PREFIX = lib;
				HEADER_SEARCH_PATHS = (
					/opt/X11/include,
					/opt/X11/include/freetype2,
					../../include,
					../../api/www_api,
				);
				LD_DYLIB_INSTALL_NAME = "/Users/zwq/工程/Easily-app-5/macos/sbin/api/libwww_api.dylib";
				LIBRARY_SEARCH_PATHS = (
					/opt/X11/lib,
					../lib,
					"$(BUILD_DIR)",
				);
				OBJROOT = "/Users/zwq/工程/Easily-tmp/macos";
				PRODUCT_NAME = "$(TARGET_NAME)";
				SYMROOT = "/Users/zwq/工程/Easily-app-5/macos/sbin/api";
			};
			name = Debug;
		};
		9B0C3BCD23CCA4AC0010C7F3 /* Release */ = {
			isa = XCBuildConfiguration;
			buildSettings = {
				CONFIGURATION_BUILD_DIR = "$(BUILD_DIR)";
				DYLIB_COMPATIBILITY_VERSION = 1;
				DYLIB_CURRENT_VERSION = 1;
				DYLIB_INSTALL_NAME_BASE = "/Users/zwq/工程/Easily-app-5/macos/sbin/api";
				EXECUTABLE_PREFIX = lib;
				HEADER_SEARCH_PATHS = (
					/opt/X11/include,
					/opt/X11/include/freetype2,
					../../include,
					../../api/www_api,
				);
				LD_DYLIB_INSTALL_NAME = "/Users/zwq/工程/Easily-app-5/macos/sbin/api/libwww_api.dylib";
				LIBRARY_SEARCH_PATHS = (
					/opt/X11/lib,
					../lib,
					"$(BUILD_DIR)",
				);
				OBJROOT = "/Users/zwq/工程/Easily-tmp/macos";
				PRODUCT_NAME = "$(TARGET_NAME)";
				SYMROOT = "/Users/zwq/工程/Easily-app-5/macos/sbin/api";
			};
			name = Release;
		};
/* End XCBuildConfiguration section */

/* Begin XCConfigurationList section */
		9B0C3BC223CCA4AC0010C7F3 /* Build configuration list for PBXProject "www_api" */ = {
			isa = XCConfigurationList;
			buildConfigurations = (
				9B0C3BC923CCA4AC0010C7F3 /* Debug */,
				9B0C3BCA23CCA4AC0010C7F3 /* Release */,
			);
			defaultConfigurationIsVisible = 0;
			defaultConfigurationName = Release;
		};
		9B0C3BCB23CCA4AC0010C7F3 /* Build configuration list for PBXNativeTarget "www_api" */ = {
			isa = XCConfigurationList;
			buildConfigurations = (
				9B0C3BCC23CCA4AC0010C7F3 /* Debug */,
				9B0C3BCD23CCA4AC0010C7F3 /* Release */,
			);
			defaultConfigurationIsVisible = 0;
			defaultConfigurationName = Release;
		};
/* End XCConfigurationList section */
	};
	rootObject = 9B0C3BBF23CCA4AC0010C7F3 /* Project object */;
}
