// !$*UTF8*$!
{
	archiveVersion = 1;
	classes = {
	};
	objectVersion = 46;
	objects = {

/* Begin PBXBuildFile section */
		9B434EED21721AE700AC4CAA /* main.cpp in Sources */ = {isa = PBXBuildFile; fileRef = 9B434EEC21721AE700AC4CAA /* main.cpp */; };
		9B434EEF21721AF800AC4CAA /* libxdk.dylib in Frameworks */ = {isa = PBXBuildFile; fileRef = 9B434EEE21721AF800AC4CAA /* libxdk.dylib */; };
/* End PBXBuildFile section */

/* Begin PBXCopyFilesBuildPhase section */
		9B41E199216A3CAB00AAA333 /* CopyFiles */ = {
			isa = PBXCopyFilesBuildPhase;
			buildActionMask = 2147483647;
			dstPath = /usr/share/man/man1/;
			dstSubfolderSpec = 0;
			files = (
			);
			runOnlyForDeploymentPostprocessing = 1;
		};
/* End PBXCopyFilesBuildPhase section */

/* Begin PBXFileReference section */
		9B41E19B216A3CAB00AAA333 /* xdk_child_test */ = {isa = PBXFileReference; explicitFileType = "compiled.mach-o.executable"; includeInIndex = 0; path = xdk_child_test; sourceTree = BUILT_PRODUCTS_DIR; };
		9B434EEC21721AE700AC4CAA /* main.cpp */ = {isa = PBXFileReference; fileEncoding = 4; lastKnownFileType = sourcecode.cpp.cpp; path = main.cpp; sourceTree = "<group>"; };
		9B434EEE21721AF800AC4CAA /* libxdk.dylib */ = {isa = PBXFileReference; lastKnownFileType = "compiled.mach-o.dylib"; name = libxdk.dylib; path = "../../../../Easily-app-5/macos/sbin/api/libxdk.dylib"; sourceTree = "<group>"; };
/* End PBXFileReference section */

/* Begin PBXFrameworksBuildPhase section */
		9B41E198216A3CAB00AAA333 /* Frameworks */ = {
			isa = PBXFrameworksBuildPhase;
			buildActionMask = 2147483647;
			files = (
				9B434EEF21721AF800AC4CAA /* libxdk.dylib in Frameworks */,
			);
			runOnlyForDeploymentPostprocessing = 0;
		};
/* End PBXFrameworksBuildPhase section */

/* Begin PBXGroup section */
		9B41E192216A3CAB00AAA333 = {
			isa = PBXGroup;
			children = (
				9B434EEE21721AF800AC4CAA /* libxdk.dylib */,
				9B434EEC21721AE700AC4CAA /* main.cpp */,
				9B41E19C216A3CAB00AAA333 /* Products */,
			);
			sourceTree = "<group>";
		};
		9B41E19C216A3CAB00AAA333 /* Products */ = {
			isa = PBXGroup;
			children = (
				9B41E19B216A3CAB00AAA333 /* xdk_child_test */,
			);
			name = Products;
			sourceTree = "<group>";
		};
/* End PBXGroup section */

/* Begin PBXNativeTarget section */
		9B41E19A216A3CAB00AAA333 /* xdk_child_test */ = {
			isa = PBXNativeTarget;
			buildConfigurationList = 9B41E1A2216A3CAB00AAA333 /* Build configuration list for PBXNativeTarget "xdk_child_test" */;
			buildPhases = (
				9B41E197216A3CAB00AAA333 /* Sources */,
				9B41E198216A3CAB00AAA333 /* Frameworks */,
				9B41E199216A3CAB00AAA333 /* CopyFiles */,
			);
			buildRules = (
			);
			dependencies = (
			);
			name = xdk_child_test;
			productName = xdk_child_test;
			productReference = 9B41E19B216A3CAB00AAA333 /* xdk_child_test */;
			productType = "com.apple.product-type.tool";
		};
/* End PBXNativeTarget section */

/* Begin PBXProject section */
		9B41E193216A3CAB00AAA333 /* Project object */ = {
			isa = PBXProject;
			attributes = {
				LastUpgradeCheck = 0720;
				ORGANIZATIONNAME = "张文权";
				TargetAttributes = {
					9B41E19A216A3CAB00AAA333 = {
						CreatedOnToolsVersion = 7.2.1;
					};
				};
			};
			buildConfigurationList = 9B41E196216A3CAB00AAA333 /* Build configuration list for PBXProject "xdk_child_test" */;
			compatibilityVersion = "Xcode 3.2";
			developmentRegion = English;
			hasScannedForEncodings = 0;
			knownRegions = (
				en,
			);
			mainGroup = 9B41E192216A3CAB00AAA333;
			productRefGroup = 9B41E19C216A3CAB00AAA333 /* Products */;
			projectDirPath = "";
			projectRoot = "";
			targets = (
				9B41E19A216A3CAB00AAA333 /* xdk_child_test */,
			);
		};
/* End PBXProject section */

/* Begin PBXSourcesBuildPhase section */
		9B41E197216A3CAB00AAA333 /* Sources */ = {
			isa = PBXSourcesBuildPhase;
			buildActionMask = 2147483647;
			files = (
				9B434EED21721AE700AC4CAA /* main.cpp in Sources */,
			);
			runOnlyForDeploymentPostprocessing = 0;
		};
/* End PBXSourcesBuildPhase section */

/* Begin XCBuildConfiguration section */
		9B41E1A0216A3CAB00AAA333 /* Debug */ = {
			isa = XCBuildConfiguration;
			buildSettings = {
				ALWAYS_SEARCH_USER_PATHS = NO;
				CLANG_CXX_LANGUAGE_STANDARD = "gnu++0x";
				CLANG_CXX_LIBRARY = "libc++";
				CLANG_ENABLE_MODULES = YES;
				CLANG_ENABLE_OBJC_ARC = YES;
				CLANG_WARN_BOOL_CONVERSION = YES;
				CLANG_WARN_CONSTANT_CONVERSION = YES;
				CLANG_WARN_DIRECT_OBJC_ISA_USAGE = YES_ERROR;
				CLANG_WARN_EMPTY_BODY = YES;
				CLANG_WARN_ENUM_CONVERSION = YES;
				CLANG_WARN_INT_CONVERSION = YES;
				CLANG_WARN_OBJC_ROOT_CLASS = YES_ERROR;
				CLANG_WARN_UNREACHABLE_CODE = YES;
				CLANG_WARN__DUPLICATE_METHOD_MATCH = YES;
				CODE_SIGN_IDENTITY = "-";
				COPY_PHASE_STRIP = NO;
				DEBUG_INFORMATION_FORMAT = dwarf;
				ENABLE_STRICT_OBJC_MSGSEND = YES;
				ENABLE_TESTABILITY = YES;
				GCC_C_LANGUAGE_STANDARD = gnu99;
				GCC_DYNAMIC_NO_PIC = NO;
				GCC_NO_COMMON_BLOCKS = YES;
				GCC_OPTIMIZATION_LEVEL = 0;
				GCC_PREPROCESSOR_DEFINITIONS = (
					"DEBUG=1",
					"$(inherited)",
				);
				GCC_WARN_64_TO_32_BIT_CONVERSION = YES;
				GCC_WARN_ABOUT_RETURN_TYPE = YES_ERROR;
				GCC_WARN_UNDECLARED_SELECTOR = YES;
				GCC_WARN_UNINITIALIZED_AUTOS = YES_AGGRESSIVE;
				GCC_WARN_UNUSED_FUNCTION = YES;
				GCC_WARN_UNUSED_VARIABLE = YES;
				MACOSX_DEPLOYMENT_TARGET = 10.10;
				MTL_ENABLE_DEBUG_INFO = YES;
				ONLY_ACTIVE_ARCH = YES;
				SDKROOT = macosx;
			};
			name = Debug;
		};
		9B41E1A1216A3CAB00AAA333 /* Release */ = {
			isa = XCBuildConfiguration;
			buildSettings = {
				ALWAYS_SEARCH_USER_PATHS = NO;
				CLANG_CXX_LANGUAGE_STANDARD = "gnu++0x";
				CLANG_CXX_LIBRARY = "libc++";
				CLANG_ENABLE_MODULES = YES;
				CLANG_ENABLE_OBJC_ARC = YES;
				CLANG_WARN_BOOL_CONVERSION = YES;
				CLANG_WARN_CONSTANT_CONVERSION = YES;
				CLANG_WARN_DIRECT_OBJC_ISA_USAGE = YES_ERROR;
				CLANG_WARN_EMPTY_BODY = YES;
				CLANG_WARN_ENUM_CONVERSION = YES;
				CLANG_WARN_INT_CONVERSION = YES;
				CLANG_WARN_OBJC_ROOT_CLASS = YES_ERROR;
				CLANG_WARN_UNREACHABLE_CODE = YES;
				CLANG_WARN__DUPLICATE_METHOD_MATCH = YES;
				CODE_SIGN_IDENTITY = "-";
				COPY_PHASE_STRIP = NO;
				DEBUG_INFORMATION_FORMAT = "dwarf-with-dsym";
				ENABLE_NS_ASSERTIONS = NO;
				ENABLE_STRICT_OBJC_MSGSEND = YES;
				GCC_C_LANGUAGE_STANDARD = gnu99;
				GCC_NO_COMMON_BLOCKS = YES;
				GCC_WARN_64_TO_32_BIT_CONVERSION = YES;
				GCC_WARN_ABOUT_RETURN_TYPE = YES_ERROR;
				GCC_WARN_UNDECLARED_SELECTOR = YES;
				GCC_WARN_UNINITIALIZED_AUTOS = YES_AGGRESSIVE;
				GCC_WARN_UNUSED_FUNCTION = YES;
				GCC_WARN_UNUSED_VARIABLE = YES;
				MACOSX_DEPLOYMENT_TARGET = 10.10;
				MTL_ENABLE_DEBUG_INFO = NO;
				SDKROOT = macosx;
			};
			name = Release;
		};
		9B41E1A3216A3CAB00AAA333 /* Debug */ = {
			isa = XCBuildConfiguration;
			buildSettings = {
				CONFIGURATION_BUILD_DIR = "$(BUILD_DIR)";
				HEADER_SEARCH_PATHS = "/Users/zwq/工程/Easily-sdk-5/include";
				LIBRARY_SEARCH_PATHS = "/Users/zwq/工程/Easily-app-5/macos/sbin/api";
				OBJROOT = "/Users/zwq/工程/Easily-tmp/macos";
				PRODUCT_NAME = "$(TARGET_NAME)";
				SYMROOT = "/Users/zwq/工程/Easily-app-5/macos/bin";
			};
			name = Debug;
		};
		9B41E1A4216A3CAB00AAA333 /* Release */ = {
			isa = XCBuildConfiguration;
			buildSettings = {
				CONFIGURATION_BUILD_DIR = "$(BUILD_DIR)";
				HEADER_SEARCH_PATHS = "/Users/zwq/工程/Easily-sdk-5/include";
				LIBRARY_SEARCH_PATHS = "/Users/zwq/工程/Easily-app-5/macos/sbin/api";
				OBJROOT = "/Users/zwq/工程/Easily-tmp/macos";
				PRODUCT_NAME = "$(TARGET_NAME)";
				SYMROOT = "/Users/zwq/工程/Easily-app-5/macos/bin";
			};
			name = Release;
		};
/* End XCBuildConfiguration section */

/* Begin XCConfigurationList section */
		9B41E196216A3CAB00AAA333 /* Build configuration list for PBXProject "xdk_child_test" */ = {
			isa = XCConfigurationList;
			buildConfigurations = (
				9B41E1A0216A3CAB00AAA333 /* Debug */,
				9B41E1A1216A3CAB00AAA333 /* Release */,
			);
			defaultConfigurationIsVisible = 0;
			defaultConfigurationName = Release;
		};
		9B41E1A2216A3CAB00AAA333 /* Build configuration list for PBXNativeTarget "xdk_child_test" */ = {
			isa = XCConfigurationList;
			buildConfigurations = (
				9B41E1A3216A3CAB00AAA333 /* Debug */,
				9B41E1A4216A3CAB00AAA333 /* Release */,
			);
			defaultConfigurationIsVisible = 0;
			defaultConfigurationName = Release;
		};
/* End XCConfigurationList section */
	};
	rootObject = 9B41E193216A3CAB00AAA333 /* Project object */;
}
