// !$*UTF8*$!
{
	archiveVersion = 1;
	classes = {
	};
	objectVersion = 46;
	objects = {

/* Begin PBXBuildFile section */
		9B1A8F152406734A00A8091A /* _if_bitmap_X11.c in Sources */ = {isa = PBXBuildFile; fileRef = 9B1A8F0F2406734A00A8091A /* _if_bitmap_X11.c */; };
		9B1A8F162406734A00A8091A /* _if_context_X11.c in Sources */ = {isa = PBXBuildFile; fileRef = 9B1A8F102406734A00A8091A /* _if_context_X11.c */; };
		9B1A8F172406734A00A8091A /* _if_gdi_X11.c in Sources */ = {isa = PBXBuildFile; fileRef = 9B1A8F112406734A00A8091A /* _if_gdi_X11.c */; };
		9B1A8F182406734A00A8091A /* _if_region_X11.c in Sources */ = {isa = PBXBuildFile; fileRef = 9B1A8F122406734A00A8091A /* _if_region_X11.c */; };
		9B1A8F192406734A00A8091A /* _if_shell_macos.c in Sources */ = {isa = PBXBuildFile; fileRef = 9B1A8F132406734A00A8091A /* _if_shell_macos.c */; };
		9B1A8F1A2406734A00A8091A /* _if_widget_X11.c in Sources */ = {isa = PBXBuildFile; fileRef = 9B1A8F142406734A00A8091A /* _if_widget_X11.c */; };
		9B1A8F22240673A000A8091A /* xdudef.h in Headers */ = {isa = PBXBuildFile; fileRef = 9B1A8F1C240673A000A8091A /* xdudef.h */; };
		9B1A8F23240673A000A8091A /* xduutil.c in Sources */ = {isa = PBXBuildFile; fileRef = 9B1A8F1D240673A000A8091A /* xduutil.c */; };
		9B1A8F24240673A000A8091A /* xduiml.h in Headers */ = {isa = PBXBuildFile; fileRef = 9B1A8F1E240673A000A8091A /* xduiml.h */; };
		9B1A8F25240673A000A8091A /* xduinf.c in Sources */ = {isa = PBXBuildFile; fileRef = 9B1A8F1F240673A000A8091A /* xduinf.c */; };
		9B1A8F26240673A000A8091A /* xduinf.h in Headers */ = {isa = PBXBuildFile; fileRef = 9B1A8F20240673A000A8091A /* xduinf.h */; };
		9B1A8F27240673A000A8091A /* xduutil.h in Headers */ = {isa = PBXBuildFile; fileRef = 9B1A8F21240673A000A8091A /* xduutil.h */; };
		9B1A8F2924067DED00A8091A /* _xdu_macos.h in Headers */ = {isa = PBXBuildFile; fileRef = 9B1A8F2824067DED00A8091A /* _xdu_macos.h */; };
/* End PBXBuildFile section */

/* Begin PBXFileReference section */
		9B1A8F082406728200A8091A /* libxdu.dylib */ = {isa = PBXFileReference; explicitFileType = "compiled.mach-o.dylib"; includeInIndex = 0; path = libxdu.dylib; sourceTree = BUILT_PRODUCTS_DIR; };
		9B1A8F0F2406734A00A8091A /* _if_bitmap_X11.c */ = {isa = PBXFileReference; fileEncoding = 4; lastKnownFileType = sourcecode.c.c; name = _if_bitmap_X11.c; path = ../../xdu/macos/_if_bitmap_X11.c; sourceTree = "<group>"; };
		9B1A8F102406734A00A8091A /* _if_context_X11.c */ = {isa = PBXFileReference; fileEncoding = 4; lastKnownFileType = sourcecode.c.c; name = _if_context_X11.c; path = ../../xdu/macos/_if_context_X11.c; sourceTree = "<group>"; };
		9B1A8F112406734A00A8091A /* _if_gdi_X11.c */ = {isa = PBXFileReference; fileEncoding = 4; lastKnownFileType = sourcecode.c.c; name = _if_gdi_X11.c; path = ../../xdu/macos/_if_gdi_X11.c; sourceTree = "<group>"; };
		9B1A8F122406734A00A8091A /* _if_region_X11.c */ = {isa = PBXFileReference; fileEncoding = 4; lastKnownFileType = sourcecode.c.c; name = _if_region_X11.c; path = ../../xdu/macos/_if_region_X11.c; sourceTree = "<group>"; };
		9B1A8F132406734A00A8091A /* _if_shell_macos.c */ = {isa = PBXFileReference; fileEncoding = 4; lastKnownFileType = sourcecode.c.c; name = _if_shell_macos.c; path = ../../xdu/macos/_if_shell_macos.c; sourceTree = "<group>"; };
		9B1A8F142406734A00A8091A /* _if_widget_X11.c */ = {isa = PBXFileReference; fileEncoding = 4; lastKnownFileType = sourcecode.c.c; name = _if_widget_X11.c; path = ../../xdu/macos/_if_widget_X11.c; sourceTree = "<group>"; };
		9B1A8F1C240673A000A8091A /* xdudef.h */ = {isa = PBXFileReference; fileEncoding = 4; lastKnownFileType = sourcecode.c.h; name = xdudef.h; path = ../../xdu/xdudef.h; sourceTree = "<group>"; };
		9B1A8F1D240673A000A8091A /* xduutil.c */ = {isa = PBXFileReference; fileEncoding = 4; lastKnownFileType = sourcecode.c.c; name = xduutil.c; path = ../../xdu/xduutil.c; sourceTree = "<group>"; };
		9B1A8F1E240673A000A8091A /* xduiml.h */ = {isa = PBXFileReference; fileEncoding = 4; lastKnownFileType = sourcecode.c.h; name = xduiml.h; path = ../../xdu/xduiml.h; sourceTree = "<group>"; };
		9B1A8F1F240673A000A8091A /* xduinf.c */ = {isa = PBXFileReference; fileEncoding = 4; lastKnownFileType = sourcecode.c.c; name = xduinf.c; path = ../../xdu/xduinf.c; sourceTree = "<group>"; };
		9B1A8F20240673A000A8091A /* xduinf.h */ = {isa = PBXFileReference; fileEncoding = 4; lastKnownFileType = sourcecode.c.h; name = xduinf.h; path = ../../xdu/xduinf.h; sourceTree = "<group>"; };
		9B1A8F21240673A000A8091A /* xduutil.h */ = {isa = PBXFileReference; fileEncoding = 4; lastKnownFileType = sourcecode.c.h; name = xduutil.h; path = ../../xdu/xduutil.h; sourceTree = "<group>"; };
		9B1A8F2824067DED00A8091A /* _xdu_macos.h */ = {isa = PBXFileReference; fileEncoding = 4; lastKnownFileType = sourcecode.c.h; name = _xdu_macos.h; path = ../../xdu/macos/_xdu_macos.h; sourceTree = "<group>"; };
/* End PBXFileReference section */

/* Begin PBXFrameworksBuildPhase section */
		9B1A8F052406728200A8091A /* Frameworks */ = {
			isa = PBXFrameworksBuildPhase;
			buildActionMask = 2147483647;
			files = (
			);
			runOnlyForDeploymentPostprocessing = 0;
		};
/* End PBXFrameworksBuildPhase section */

/* Begin PBXGroup section */
		9B1A8EFF2406728200A8091A = {
			isa = PBXGroup;
			children = (
				9B1A8F1C240673A000A8091A /* xdudef.h */,
				9B1A8F1D240673A000A8091A /* xduutil.c */,
				9B1A8F1E240673A000A8091A /* xduiml.h */,
				9B1A8F1F240673A000A8091A /* xduinf.c */,
				9B1A8F20240673A000A8091A /* xduinf.h */,
				9B1A8F21240673A000A8091A /* xduutil.h */,
				9B1A8F1B2406736B00A8091A /* macos */,
				9B1A8F092406728200A8091A /* Products */,
			);
			sourceTree = "<group>";
		};
		9B1A8F092406728200A8091A /* Products */ = {
			isa = PBXGroup;
			children = (
				9B1A8F082406728200A8091A /* libxdu.dylib */,
			);
			name = Products;
			sourceTree = "<group>";
		};
		9B1A8F1B2406736B00A8091A /* macos */ = {
			isa = PBXGroup;
			children = (
				9B1A8F2824067DED00A8091A /* _xdu_macos.h */,
				9B1A8F102406734A00A8091A /* _if_context_X11.c */,
				9B1A8F112406734A00A8091A /* _if_gdi_X11.c */,
				9B1A8F0F2406734A00A8091A /* _if_bitmap_X11.c */,
				9B1A8F122406734A00A8091A /* _if_region_X11.c */,
				9B1A8F132406734A00A8091A /* _if_shell_macos.c */,
				9B1A8F142406734A00A8091A /* _if_widget_X11.c */,
			);
			name = macos;
			sourceTree = "<group>";
		};
/* End PBXGroup section */

/* Begin PBXHeadersBuildPhase section */
		9B1A8F062406728200A8091A /* Headers */ = {
			isa = PBXHeadersBuildPhase;
			buildActionMask = 2147483647;
			files = (
				9B1A8F22240673A000A8091A /* xdudef.h in Headers */,
				9B1A8F24240673A000A8091A /* xduiml.h in Headers */,
				9B1A8F27240673A000A8091A /* xduutil.h in Headers */,
				9B1A8F2924067DED00A8091A /* _xdu_macos.h in Headers */,
				9B1A8F26240673A000A8091A /* xduinf.h in Headers */,
			);
			runOnlyForDeploymentPostprocessing = 0;
		};
/* End PBXHeadersBuildPhase section */

/* Begin PBXNativeTarget section */
		9B1A8F072406728200A8091A /* xdu */ = {
			isa = PBXNativeTarget;
			buildConfigurationList = 9B1A8F0C2406728200A8091A /* Build configuration list for PBXNativeTarget "xdu" */;
			buildPhases = (
				9B1A8F042406728200A8091A /* Sources */,
				9B1A8F052406728200A8091A /* Frameworks */,
				9B1A8F062406728200A8091A /* Headers */,
			);
			buildRules = (
			);
			dependencies = (
			);
			name = xdu;
			productName = xdu;
			productReference = 9B1A8F082406728200A8091A /* libxdu.dylib */;
			productType = "com.apple.product-type.library.dynamic";
		};
/* End PBXNativeTarget section */

/* Begin PBXProject section */
		9B1A8F002406728200A8091A /* Project object */ = {
			isa = PBXProject;
			attributes = {
				LastUpgradeCheck = 0720;
				ORGANIZATIONNAME = "张文权";
				TargetAttributes = {
					9B1A8F072406728200A8091A = {
						CreatedOnToolsVersion = 7.2.1;
					};
				};
			};
			buildConfigurationList = 9B1A8F032406728200A8091A /* Build configuration list for PBXProject "xdu" */;
			compatibilityVersion = "Xcode 3.2";
			developmentRegion = English;
			hasScannedForEncodings = 0;
			knownRegions = (
				en,
			);
			mainGroup = 9B1A8EFF2406728200A8091A;
			productRefGroup = 9B1A8F092406728200A8091A /* Products */;
			projectDirPath = "";
			projectRoot = "";
			targets = (
				9B1A8F072406728200A8091A /* xdu */,
			);
		};
/* End PBXProject section */

/* Begin PBXSourcesBuildPhase section */
		9B1A8F042406728200A8091A /* Sources */ = {
			isa = PBXSourcesBuildPhase;
			buildActionMask = 2147483647;
			files = (
				9B1A8F23240673A000A8091A /* xduutil.c in Sources */,
				9B1A8F172406734A00A8091A /* _if_gdi_X11.c in Sources */,
				9B1A8F152406734A00A8091A /* _if_bitmap_X11.c in Sources */,
				9B1A8F162406734A00A8091A /* _if_context_X11.c in Sources */,
				9B1A8F1A2406734A00A8091A /* _if_widget_X11.c in Sources */,
				9B1A8F182406734A00A8091A /* _if_region_X11.c in Sources */,
				9B1A8F192406734A00A8091A /* _if_shell_macos.c in Sources */,
				9B1A8F25240673A000A8091A /* xduinf.c in Sources */,
			);
			runOnlyForDeploymentPostprocessing = 0;
		};
/* End PBXSourcesBuildPhase section */

/* Begin XCBuildConfiguration section */
		9B1A8F0A2406728200A8091A /* Debug */ = {
			isa = XCBuildConfiguration;
			buildSettings = {
				ALWAYS_SEARCH_USER_PATHS = NO;
				CLANG_CXX_LANGUAGE_STANDARD = "gnu++0x";
				CLANG_CXX_LIBRARY = "libc++";
				CLANG_ENABLE_MODULES = YES;
				CLANG_ENABLE_OBJC_ARC = YES;
				CLANG_WARN_BOOL_CONVERSION = YES;
				CLANG_WARN_CONSTANT_CONVERSION = YES;
				CLANG_WARN_DIRECT_OBJC_ISA_USAGE = YES_ERROR;
				CLANG_WARN_EMPTY_BODY = YES;
				CLANG_WARN_ENUM_CONVERSION = YES;
				CLANG_WARN_INT_CONVERSION = YES;
				CLANG_WARN_OBJC_ROOT_CLASS = YES_ERROR;
				CLANG_WARN_UNREACHABLE_CODE = YES;
				CLANG_WARN__DUPLICATE_METHOD_MATCH = YES;
				CODE_SIGN_IDENTITY = "-";
				COPY_PHASE_STRIP = NO;
				DEBUG_INFORMATION_FORMAT = dwarf;
				ENABLE_STRICT_OBJC_MSGSEND = YES;
				ENABLE_TESTABILITY = YES;
				GCC_C_LANGUAGE_STANDARD = gnu99;
				GCC_DYNAMIC_NO_PIC = NO;
				GCC_NO_COMMON_BLOCKS = YES;
				GCC_OPTIMIZATION_LEVEL = 0;
				GCC_PREPROCESSOR_DEFINITIONS = (
					"DEBUG=1",
					"$(inherited)",
				);
				GCC_WARN_64_TO_32_BIT_CONVERSION = YES;
				GCC_WARN_ABOUT_RETURN_TYPE = YES_ERROR;
				GCC_WARN_UNDECLARED_SELECTOR = YES;
				GCC_WARN_UNINITIALIZED_AUTOS = YES_AGGRESSIVE;
				GCC_WARN_UNUSED_FUNCTION = YES;
				GCC_WARN_UNUSED_VARIABLE = YES;
				MACOSX_DEPLOYMENT_TARGET = 10.10;
				MTL_ENABLE_DEBUG_INFO = YES;
				ONLY_ACTIVE_ARCH = YES;
				SDKROOT = macosx;
			};
			name = Debug;
		};
		9B1A8F0B2406728200A8091A /* Release */ = {
			isa = XCBuildConfiguration;
			buildSettings = {
				ALWAYS_SEARCH_USER_PATHS = NO;
				CLANG_CXX_LANGUAGE_STANDARD = "gnu++0x";
				CLANG_CXX_LIBRARY = "libc++";
				CLANG_ENABLE_MODULES = YES;
				CLANG_ENABLE_OBJC_ARC = YES;
				CLANG_WARN_BOOL_CONVERSION = YES;
				CLANG_WARN_CONSTANT_CONVERSION = YES;
				CLANG_WARN_DIRECT_OBJC_ISA_USAGE = YES_ERROR;
				CLANG_WARN_EMPTY_BODY = YES;
				CLANG_WARN_ENUM_CONVERSION = YES;
				CLANG_WARN_INT_CONVERSION = YES;
				CLANG_WARN_OBJC_ROOT_CLASS = YES_ERROR;
				CLANG_WARN_UNREACHABLE_CODE = YES;
				CLANG_WARN__DUPLICATE_METHOD_MATCH = YES;
				CODE_SIGN_IDENTITY = "-";
				COPY_PHASE_STRIP = NO;
				DEBUG_INFORMATION_FORMAT = "dwarf-with-dsym";
				ENABLE_NS_ASSERTIONS = NO;
				ENABLE_STRICT_OBJC_MSGSEND = YES;
				GCC_C_LANGUAGE_STANDARD = gnu99;
				GCC_NO_COMMON_BLOCKS = YES;
				GCC_WARN_64_TO_32_BIT_CONVERSION = YES;
				GCC_WARN_ABOUT_RETURN_TYPE = YES_ERROR;
				GCC_WARN_UNDECLARED_SELECTOR = YES;
				GCC_WARN_UNINITIALIZED_AUTOS = YES_AGGRESSIVE;
				GCC_WARN_UNUSED_FUNCTION = YES;
				GCC_WARN_UNUSED_VARIABLE = YES;
				MACOSX_DEPLOYMENT_TARGET = 10.10;
				MTL_ENABLE_DEBUG_INFO = NO;
				SDKROOT = macosx;
			};
			name = Release;
		};
		9B1A8F0D2406728200A8091A /* Debug */ = {
			isa = XCBuildConfiguration;
			buildSettings = {
				CONFIGURATION_BUILD_DIR = "$(BUILD_DIR)";
				DYLIB_COMPATIBILITY_VERSION = 1;
				DYLIB_CURRENT_VERSION = 1;
				DYLIB_INSTALL_NAME_BASE = ../sbin/api;
				EXECUTABLE_PREFIX = lib;
				HEADER_SEARCH_PATHS = (
					/opt/X11/include,
					/opt/X11/include/freetype2,
					../../include,
				);
				LD_DYLIB_INSTALL_NAME = ../sbin/api/libxdu.dylib;
				LIBRARY_SEARCH_PATHS = (
					/opt/X11/lib,
					../lib,
				);
				OBJROOT = "/Users/zwq/工程/Easily-tmp/macos";
				OTHER_LDFLAGS = (
					"-lxdp",
					"-lpthread",
					"-lX11",
					"-lXft",
					"-lfontconfig",
				);
				OTHER_LIBTOOLFLAGS = "";
				PRODUCT_NAME = "$(TARGET_NAME)";
				SYMROOT = ../sbin/api;
			};
			name = Debug;
		};
		9B1A8F0E2406728200A8091A /* Release */ = {
			isa = XCBuildConfiguration;
			buildSettings = {
				CONFIGURATION_BUILD_DIR = "$(BUILD_DIR)";
				DYLIB_COMPATIBILITY_VERSION = 1;
				DYLIB_CURRENT_VERSION = 1;
				DYLIB_INSTALL_NAME_BASE = ../sbin/api;
				EXECUTABLE_PREFIX = lib;
				HEADER_SEARCH_PATHS = (
					/opt/X11/include,
					/opt/X11/include/freetype2,
					../../include,
				);
				LD_DYLIB_INSTALL_NAME = ../sbin/api/libxdu.dylib;
				LIBRARY_SEARCH_PATHS = (
					/opt/X11/lib,
					../lib,
				);
				OBJROOT = "/Users/zwq/工程/Easily-tmp/macos";
				OTHER_LDFLAGS = (
					"-lxdp",
					"-lpthread",
					"-lX11",
					"-lXft",
					"-lfontconfig",
				);
				OTHER_LIBTOOLFLAGS = "";
				PRODUCT_NAME = "$(TARGET_NAME)";
				SYMROOT = ../sbin/api;
			};
			name = Release;
		};
/* End XCBuildConfiguration section */

/* Begin XCConfigurationList section */
		9B1A8F032406728200A8091A /* Build configuration list for PBXProject "xdu" */ = {
			isa = XCConfigurationList;
			buildConfigurations = (
				9B1A8F0A2406728200A8091A /* Debug */,
				9B1A8F0B2406728200A8091A /* Release */,
			);
			defaultConfigurationIsVisible = 0;
			defaultConfigurationName = Release;
		};
		9B1A8F0C2406728200A8091A /* Build configuration list for PBXNativeTarget "xdu" */ = {
			isa = XCConfigurationList;
			buildConfigurations = (
				9B1A8F0D2406728200A8091A /* Debug */,
				9B1A8F0E2406728200A8091A /* Release */,
			);
			defaultConfigurationIsVisible = 0;
			defaultConfigurationName = Release;
		};
/* End XCConfigurationList section */
	};
	rootObject = 9B1A8F002406728200A8091A /* Project object */;
}
