// !$*UTF8*$!
{
	archiveVersion = 1;
	classes = {
	};
	objectVersion = 46;
	objects = {

/* Begin PBXBuildFile section */
		9B077CE9214ED5B500C647DD /* bmplib.c in Sources */ = {isa = PBXBuildFile; fileRef = 9B077CE7214ED5B500C647DD /* bmplib.c */; };
		9B077CEA214ED5B500C647DD /* bmplib.h in Headers */ = {isa = PBXBuildFile; fileRef = 9B077CE8214ED5B500C647DD /* bmplib.h */; };
/* End PBXBuildFile section */

/* Begin PBXFileReference section */
		9B077CE0214ED58800C647DD /* libbmp.a */ = {isa = PBXFileReference; explicitFileType = archive.ar; includeInIndex = 0; path = libbmp.a; sourceTree = BUILT_PRODUCTS_DIR; };
		9B077CE7214ED5B500C647DD /* bmplib.c */ = {isa = PBXFileReference; fileEncoding = 4; lastKnownFileType = sourcecode.c.c; name = bmplib.c; path = ../../bmp/bmplib.c; sourceTree = "<group>"; };
		9B077CE8214ED5B500C647DD /* bmplib.h */ = {isa = PBXFileReference; fileEncoding = 4; lastKnownFileType = sourcecode.c.h; name = bmplib.h; path = ../../bmp/bmplib.h; sourceTree = "<group>"; };
/* End PBXFileReference section */

/* Begin PBXFrameworksBuildPhase section */
		9B077CDD214ED58800C647DD /* Frameworks */ = {
			isa = PBXFrameworksBuildPhase;
			buildActionMask = 2147483647;
			files = (
			);
			runOnlyForDeploymentPostprocessing = 0;
		};
/* End PBXFrameworksBuildPhase section */

/* Begin PBXGroup section */
		9B077CD7214ED58800C647DD = {
			isa = PBXGroup;
			children = (
				9B077CE7214ED5B500C647DD /* bmplib.c */,
				9B077CE8214ED5B500C647DD /* bmplib.h */,
				9B077CE1214ED58800C647DD /* Products */,
			);
			sourceTree = "<group>";
		};
		9B077CE1214ED58800C647DD /* Products */ = {
			isa = PBXGroup;
			children = (
				9B077CE0214ED58800C647DD /* libbmp.a */,
			);
			name = Products;
			sourceTree = "<group>";
		};
/* End PBXGroup section */

/* Begin PBXHeadersBuildPhase section */
		9B077CDE214ED58800C647DD /* Headers */ = {
			isa = PBXHeadersBuildPhase;
			buildActionMask = 2147483647;
			files = (
				9B077CEA214ED5B500C647DD /* bmplib.h in Headers */,
			);
			runOnlyForDeploymentPostprocessing = 0;
		};
/* End PBXHeadersBuildPhase section */

/* Begin PBXNativeTarget section */
		9B077CDF214ED58800C647DD /* bmp */ = {
			isa = PBXNativeTarget;
			buildConfigurationList = 9B077CE4214ED58800C647DD /* Build configuration list for PBXNativeTarget "bmp" */;
			buildPhases = (
				9B077CDC214ED58800C647DD /* Sources */,
				9B077CDD214ED58800C647DD /* Frameworks */,
				9B077CDE214ED58800C647DD /* Headers */,
			);
			buildRules = (
			);
			dependencies = (
			);
			name = bmp;
			productName = bmp;
			productReference = 9B077CE0214ED58800C647DD /* libbmp.a */;
			productType = "com.apple.product-type.library.static";
		};
/* End PBXNativeTarget section */

/* Begin PBXProject section */
		9B077CD8214ED58800C647DD /* Project object */ = {
			isa = PBXProject;
			attributes = {
				LastUpgradeCheck = 0720;
				ORGANIZATIONNAME = "张文权";
				TargetAttributes = {
					9B077CDF214ED58800C647DD = {
						CreatedOnToolsVersion = 7.2.1;
					};
				};
			};
			buildConfigurationList = 9B077CDB214ED58800C647DD /* Build configuration list for PBXProject "bmp" */;
			compatibilityVersion = "Xcode 3.2";
			developmentRegion = English;
			hasScannedForEncodings = 0;
			knownRegions = (
				en,
			);
			mainGroup = 9B077CD7214ED58800C647DD;
			productRefGroup = 9B077CE1214ED58800C647DD /* Products */;
			projectDirPath = "";
			projectRoot = "";
			targets = (
				9B077CDF214ED58800C647DD /* bmp */,
			);
		};
/* End PBXProject section */

/* Begin PBXSourcesBuildPhase section */
		9B077CDC214ED58800C647DD /* Sources */ = {
			isa = PBXSourcesBuildPhase;
			buildActionMask = 2147483647;
			files = (
				9B077CE9214ED5B500C647DD /* bmplib.c in Sources */,
			);
			runOnlyForDeploymentPostprocessing = 0;
		};
/* End PBXSourcesBuildPhase section */

/* Begin XCBuildConfiguration section */
		9B077CE2214ED58800C647DD /* Debug */ = {
			isa = XCBuildConfiguration;
			buildSettings = {
				ALWAYS_SEARCH_USER_PATHS = NO;
				CLANG_CXX_LANGUAGE_STANDARD = "gnu++0x";
				CLANG_CXX_LIBRARY = "libc++";
				CLANG_ENABLE_MODULES = YES;
				CLANG_ENABLE_OBJC_ARC = YES;
				CLANG_WARN_BOOL_CONVERSION = YES;
				CLANG_WARN_CONSTANT_CONVERSION = YES;
				CLANG_WARN_DIRECT_OBJC_ISA_USAGE = YES_ERROR;
				CLANG_WARN_EMPTY_BODY = YES;
				CLANG_WARN_ENUM_CONVERSION = YES;
				CLANG_WARN_INT_CONVERSION = YES;
				CLANG_WARN_OBJC_ROOT_CLASS = YES_ERROR;
				CLANG_WARN_UNREACHABLE_CODE = YES;
				CLANG_WARN__DUPLICATE_METHOD_MATCH = YES;
				CODE_SIGN_IDENTITY = "-";
				COPY_PHASE_STRIP = NO;
				DEBUG_INFORMATION_FORMAT = dwarf;
				ENABLE_STRICT_OBJC_MSGSEND = YES;
				ENABLE_TESTABILITY = YES;
				GCC_C_LANGUAGE_STANDARD = gnu99;
				GCC_DYNAMIC_NO_PIC = NO;
				GCC_NO_COMMON_BLOCKS = YES;
				GCC_OPTIMIZATION_LEVEL = 0;
				GCC_PREPROCESSOR_DEFINITIONS = (
					"DEBUG=1",
					"$(inherited)",
				);
				GCC_WARN_64_TO_32_BIT_CONVERSION = YES;
				GCC_WARN_ABOUT_RETURN_TYPE = YES_ERROR;
				GCC_WARN_UNDECLARED_SELECTOR = YES;
				GCC_WARN_UNINITIALIZED_AUTOS = YES_AGGRESSIVE;
				GCC_WARN_UNUSED_FUNCTION = YES;
				GCC_WARN_UNUSED_VARIABLE = YES;
				MACOSX_DEPLOYMENT_TARGET = 10.10;
				MTL_ENABLE_DEBUG_INFO = YES;
				ONLY_ACTIVE_ARCH = YES;
				SDKROOT = macosx;
			};
			name = Debug;
		};
		9B077CE3214ED58800C647DD /* Release */ = {
			isa = XCBuildConfiguration;
			buildSettings = {
				ALWAYS_SEARCH_USER_PATHS = NO;
				CLANG_CXX_LANGUAGE_STANDARD = "gnu++0x";
				CLANG_CXX_LIBRARY = "libc++";
				CLANG_ENABLE_MODULES = YES;
				CLANG_ENABLE_OBJC_ARC = YES;
				CLANG_WARN_BOOL_CONVERSION = YES;
				CLANG_WARN_CONSTANT_CONVERSION = YES;
				CLANG_WARN_DIRECT_OBJC_ISA_USAGE = YES_ERROR;
				CLANG_WARN_EMPTY_BODY = YES;
				CLANG_WARN_ENUM_CONVERSION = YES;
				CLANG_WARN_INT_CONVERSION = YES;
				CLANG_WARN_OBJC_ROOT_CLASS = YES_ERROR;
				CLANG_WARN_UNREACHABLE_CODE = YES;
				CLANG_WARN__DUPLICATE_METHOD_MATCH = YES;
				CODE_SIGN_IDENTITY = "-";
				COPY_PHASE_STRIP = NO;
				DEBUG_INFORMATION_FORMAT = "dwarf-with-dsym";
				ENABLE_NS_ASSERTIONS = NO;
				ENABLE_STRICT_OBJC_MSGSEND = YES;
				GCC_C_LANGUAGE_STANDARD = gnu99;
				GCC_NO_COMMON_BLOCKS = YES;
				GCC_WARN_64_TO_32_BIT_CONVERSION = YES;
				GCC_WARN_ABOUT_RETURN_TYPE = YES_ERROR;
				GCC_WARN_UNDECLARED_SELECTOR = YES;
				GCC_WARN_UNINITIALIZED_AUTOS = YES_AGGRESSIVE;
				GCC_WARN_UNUSED_FUNCTION = YES;
				GCC_WARN_UNUSED_VARIABLE = YES;
				MACOSX_DEPLOYMENT_TARGET = 10.10;
				MTL_ENABLE_DEBUG_INFO = NO;
				SDKROOT = macosx;
			};
			name = Release;
		};
		9B077CE5214ED58800C647DD /* Debug */ = {
			isa = XCBuildConfiguration;
			buildSettings = {
				CONFIGURATION_BUILD_DIR = "$(BUILD_DIR)";
				EXECUTABLE_PREFIX = lib;
				INSTALL_PATH = ../lib;
				OBJROOT = "/Users/zwq/工程/Easily-tmp/macos";
				PRODUCT_NAME = "$(TARGET_NAME)";
				SYMROOT = "/Users/zwq/工程/Easily-app-5/macos";
			};
			name = Debug;
		};
		9B077CE6214ED58800C647DD /* Release */ = {
			isa = XCBuildConfiguration;
			buildSettings = {
				CONFIGURATION_BUILD_DIR = "$(BUILD_DIR)";
				EXECUTABLE_PREFIX = lib;
				INSTALL_PATH = ../lib;
				OBJROOT = "/Users/zwq/工程/Easily-tmp/macos";
				PRODUCT_NAME = "$(TARGET_NAME)";
				SYMROOT = "/Users/zwq/工程/Easily-app-5/macos";
			};
			name = Release;
		};
/* End XCBuildConfiguration section */

/* Begin XCConfigurationList section */
		9B077CDB214ED58800C647DD /* Build configuration list for PBXProject "bmp" */ = {
			isa = XCConfigurationList;
			buildConfigurations = (
				9B077CE2214ED58800C647DD /* Debug */,
				9B077CE3214ED58800C647DD /* Release */,
			);
			defaultConfigurationIsVisible = 0;
			defaultConfigurationName = Release;
		};
		9B077CE4214ED58800C647DD /* Build configuration list for PBXNativeTarget "bmp" */ = {
			isa = XCConfigurationList;
			buildConfigurations = (
				9B077CE5214ED58800C647DD /* Debug */,
				9B077CE6214ED58800C647DD /* Release */,
			);
			defaultConfigurationIsVisible = 0;
			defaultConfigurationName = Release;
		};
/* End XCConfigurationList section */
	};
	rootObject = 9B077CD8214ED58800C647DD /* Project object */;
}
