// !$*UTF8*$!
{
	archiveVersion = 1;
	classes = {
	};
	objectVersion = 46;
	objects = {

/* Begin PBXBuildFile section */
		9B3E8D6A23D1D79000786BE1 /* libxdl.dylib in Frameworks */ = {isa = PBXBuildFile; fileRef = 9B3E8D6923D1D79000786BE1 /* libxdl.dylib */; };
		9BE980BF217D982E0087F314 /* xdb_mysql.c in Sources */ = {isa = PBXBuildFile; fileRef = 9BE980BC217D982E0087F314 /* xdb_mysql.c */; };
		9BE980C0217D982E0087F314 /* xdbdef.h in Headers */ = {isa = PBXBuildFile; fileRef = 9BE980BD217D982E0087F314 /* xdbdef.h */; };
		9BE980C1217D982E0087F314 /* xdbpro.h in Headers */ = {isa = PBXBuildFile; fileRef = 9BE980BE217D982E0087F314 /* xdbpro.h */; };
/* End PBXBuildFile section */

/* Begin PBXFileReference section */
		9B3E8D6923D1D79000786BE1 /* libxdl.dylib */ = {isa = PBXFileReference; lastKnownFileType = "compiled.mach-o.dylib"; name = libxdl.dylib; path = ../sbin/api/libxdl.dylib; sourceTree = "<group>"; };
		9BE980B5217D98090087F314 /* libxdb_mysql.dylib */ = {isa = PBXFileReference; explicitFileType = "compiled.mach-o.dylib"; includeInIndex = 0; path = libxdb_mysql.dylib; sourceTree = BUILT_PRODUCTS_DIR; };
		9BE980BC217D982E0087F314 /* xdb_mysql.c */ = {isa = PBXFileReference; fileEncoding = 4; lastKnownFileType = sourcecode.c.c; name = xdb_mysql.c; path = ../../xdb/xdb_mysql.c; sourceTree = "<group>"; };
		9BE980BD217D982E0087F314 /* xdbdef.h */ = {isa = PBXFileReference; fileEncoding = 4; lastKnownFileType = sourcecode.c.h; name = xdbdef.h; path = ../../xdb/xdbdef.h; sourceTree = "<group>"; };
		9BE980BE217D982E0087F314 /* xdbpro.h */ = {isa = PBXFileReference; fileEncoding = 4; lastKnownFileType = sourcecode.c.h; name = xdbpro.h; path = ../../xdb/xdbpro.h; sourceTree = "<group>"; };
/* End PBXFileReference section */

/* Begin PBXFrameworksBuildPhase section */
		9BE980B2217D98090087F314 /* Frameworks */ = {
			isa = PBXFrameworksBuildPhase;
			buildActionMask = 2147483647;
			files = (
				9B3E8D6A23D1D79000786BE1 /* libxdl.dylib in Frameworks */,
			);
			runOnlyForDeploymentPostprocessing = 0;
		};
/* End PBXFrameworksBuildPhase section */

/* Begin PBXGroup section */
		9BE980AC217D98090087F314 = {
			isa = PBXGroup;
			children = (
				9B3E8D6923D1D79000786BE1 /* libxdl.dylib */,
				9BE980BC217D982E0087F314 /* xdb_mysql.c */,
				9BE980BD217D982E0087F314 /* xdbdef.h */,
				9BE980BE217D982E0087F314 /* xdbpro.h */,
				9BE980B6217D98090087F314 /* Products */,
			);
			sourceTree = "<group>";
		};
		9BE980B6217D98090087F314 /* Products */ = {
			isa = PBXGroup;
			children = (
				9BE980B5217D98090087F314 /* libxdb_mysql.dylib */,
			);
			name = Products;
			sourceTree = "<group>";
		};
/* End PBXGroup section */

/* Begin PBXHeadersBuildPhase section */
		9BE980B3217D98090087F314 /* Headers */ = {
			isa = PBXHeadersBuildPhase;
			buildActionMask = 2147483647;
			files = (
				9BE980C0217D982E0087F314 /* xdbdef.h in Headers */,
				9BE980C1217D982E0087F314 /* xdbpro.h in Headers */,
			);
			runOnlyForDeploymentPostprocessing = 0;
		};
/* End PBXHeadersBuildPhase section */

/* Begin PBXNativeTarget section */
		9BE980B4217D98090087F314 /* xdb_mysql */ = {
			isa = PBXNativeTarget;
			buildConfigurationList = 9BE980B9217D98090087F314 /* Build configuration list for PBXNativeTarget "xdb_mysql" */;
			buildPhases = (
				9BE980B1217D98090087F314 /* Sources */,
				9BE980B2217D98090087F314 /* Frameworks */,
				9BE980B3217D98090087F314 /* Headers */,
			);
			buildRules = (
			);
			dependencies = (
			);
			name = xdb_mysql;
			productName = xdb_mysql;
			productReference = 9BE980B5217D98090087F314 /* libxdb_mysql.dylib */;
			productType = "com.apple.product-type.library.dynamic";
		};
/* End PBXNativeTarget section */

/* Begin PBXProject section */
		9BE980AD217D98090087F314 /* Project object */ = {
			isa = PBXProject;
			attributes = {
				LastUpgradeCheck = 0720;
				ORGANIZATIONNAME = "张文权";
				TargetAttributes = {
					9BE980B4217D98090087F314 = {
						CreatedOnToolsVersion = 7.2.1;
					};
				};
			};
			buildConfigurationList = 9BE980B0217D98090087F314 /* Build configuration list for PBXProject "xdb_mysql" */;
			compatibilityVersion = "Xcode 3.2";
			developmentRegion = English;
			hasScannedForEncodings = 0;
			knownRegions = (
				en,
			);
			mainGroup = 9BE980AC217D98090087F314;
			productRefGroup = 9BE980B6217D98090087F314 /* Products */;
			projectDirPath = "";
			projectRoot = "";
			targets = (
				9BE980B4217D98090087F314 /* xdb_mysql */,
			);
		};
/* End PBXProject section */

/* Begin PBXSourcesBuildPhase section */
		9BE980B1217D98090087F314 /* Sources */ = {
			isa = PBXSourcesBuildPhase;
			buildActionMask = 2147483647;
			files = (
				9BE980BF217D982E0087F314 /* xdb_mysql.c in Sources */,
			);
			runOnlyForDeploymentPostprocessing = 0;
		};
/* End PBXSourcesBuildPhase section */

/* Begin XCBuildConfiguration section */
		9BE980B7217D98090087F314 /* Debug */ = {
			isa = XCBuildConfiguration;
			buildSettings = {
				ALWAYS_SEARCH_USER_PATHS = NO;
				CLANG_CXX_LANGUAGE_STANDARD = "gnu++0x";
				CLANG_CXX_LIBRARY = "libc++";
				CLANG_ENABLE_MODULES = YES;
				CLANG_ENABLE_OBJC_ARC = YES;
				CLANG_WARN_BOOL_CONVERSION = YES;
				CLANG_WARN_CONSTANT_CONVERSION = YES;
				CLANG_WARN_DIRECT_OBJC_ISA_USAGE = YES_ERROR;
				CLANG_WARN_EMPTY_BODY = YES;
				CLANG_WARN_ENUM_CONVERSION = YES;
				CLANG_WARN_INT_CONVERSION = YES;
				CLANG_WARN_OBJC_ROOT_CLASS = YES_ERROR;
				CLANG_WARN_UNREACHABLE_CODE = YES;
				CLANG_WARN__DUPLICATE_METHOD_MATCH = YES;
				CODE_SIGN_IDENTITY = "-";
				COPY_PHASE_STRIP = NO;
				DEBUG_INFORMATION_FORMAT = dwarf;
				ENABLE_STRICT_OBJC_MSGSEND = YES;
				ENABLE_TESTABILITY = YES;
				GCC_C_LANGUAGE_STANDARD = gnu99;
				GCC_DYNAMIC_NO_PIC = NO;
				GCC_NO_COMMON_BLOCKS = YES;
				GCC_OPTIMIZATION_LEVEL = 0;
				GCC_PREPROCESSOR_DEFINITIONS = (
					"DEBUG=1",
					"$(inherited)",
				);
				GCC_WARN_64_TO_32_BIT_CONVERSION = YES;
				GCC_WARN_ABOUT_RETURN_TYPE = YES_ERROR;
				GCC_WARN_UNDECLARED_SELECTOR = YES;
				GCC_WARN_UNINITIALIZED_AUTOS = YES_AGGRESSIVE;
				GCC_WARN_UNUSED_FUNCTION = YES;
				GCC_WARN_UNUSED_VARIABLE = YES;
				MACOSX_DEPLOYMENT_TARGET = 10.10;
				MTL_ENABLE_DEBUG_INFO = YES;
				ONLY_ACTIVE_ARCH = YES;
				SDKROOT = macosx;
			};
			name = Debug;
		};
		9BE980B8217D98090087F314 /* Release */ = {
			isa = XCBuildConfiguration;
			buildSettings = {
				ALWAYS_SEARCH_USER_PATHS = NO;
				CLANG_CXX_LANGUAGE_STANDARD = "gnu++0x";
				CLANG_CXX_LIBRARY = "libc++";
				CLANG_ENABLE_MODULES = YES;
				CLANG_ENABLE_OBJC_ARC = YES;
				CLANG_WARN_BOOL_CONVERSION = YES;
				CLANG_WARN_CONSTANT_CONVERSION = YES;
				CLANG_WARN_DIRECT_OBJC_ISA_USAGE = YES_ERROR;
				CLANG_WARN_EMPTY_BODY = YES;
				CLANG_WARN_ENUM_CONVERSION = YES;
				CLANG_WARN_INT_CONVERSION = YES;
				CLANG_WARN_OBJC_ROOT_CLASS = YES_ERROR;
				CLANG_WARN_UNREACHABLE_CODE = YES;
				CLANG_WARN__DUPLICATE_METHOD_MATCH = YES;
				CODE_SIGN_IDENTITY = "-";
				COPY_PHASE_STRIP = NO;
				DEBUG_INFORMATION_FORMAT = "dwarf-with-dsym";
				ENABLE_NS_ASSERTIONS = NO;
				ENABLE_STRICT_OBJC_MSGSEND = YES;
				GCC_C_LANGUAGE_STANDARD = gnu99;
				GCC_NO_COMMON_BLOCKS = YES;
				GCC_WARN_64_TO_32_BIT_CONVERSION = YES;
				GCC_WARN_ABOUT_RETURN_TYPE = YES_ERROR;
				GCC_WARN_UNDECLARED_SELECTOR = YES;
				GCC_WARN_UNINITIALIZED_AUTOS = YES_AGGRESSIVE;
				GCC_WARN_UNUSED_FUNCTION = YES;
				GCC_WARN_UNUSED_VARIABLE = YES;
				MACOSX_DEPLOYMENT_TARGET = 10.10;
				MTL_ENABLE_DEBUG_INFO = NO;
				SDKROOT = macosx;
			};
			name = Release;
		};
		9BE980BA217D98090087F314 /* Debug */ = {
			isa = XCBuildConfiguration;
			buildSettings = {
				CONFIGURATION_BUILD_DIR = "$(BUILD_DIR)";
				DYLIB_COMPATIBILITY_VERSION = 1;
				DYLIB_CURRENT_VERSION = 1;
				DYLIB_INSTALL_NAME_BASE = ../sbin/api;
				EXECUTABLE_PREFIX = lib;
				HEADER_SEARCH_PATHS = (
					/opt/X11/include,
					/opt/X11/include/freetype2,
					/usr/local/mysql/include,
					../../include,
					../../xdb,
				);
				LD_DYLIB_INSTALL_NAME = ../sbin/api/libxdb_mysql.dylib;
				LIBRARY_SEARCH_PATHS = (
					/opt/X11/lib,
					/usr/local/mysql/lib,
					../lib,
				);
				OBJROOT = "/Users/zwq/工程/Easily-tmp/macos";
				OTHER_LDFLAGS = "-lmysqlclient";
				OTHER_LIBTOOLFLAGS = "";
				PRODUCT_NAME = "$(TARGET_NAME)";
				SYMROOT = ../sbin/api;
			};
			name = Debug;
		};
		9BE980BB217D98090087F314 /* Release */ = {
			isa = XCBuildConfiguration;
			buildSettings = {
				CONFIGURATION_BUILD_DIR = "$(BUILD_DIR)";
				DYLIB_COMPATIBILITY_VERSION = 1;
				DYLIB_CURRENT_VERSION = 1;
				DYLIB_INSTALL_NAME_BASE = ../sbin/api;
				EXECUTABLE_PREFIX = lib;
				HEADER_SEARCH_PATHS = (
					/opt/X11/include,
					/opt/X11/include/freetype2,
					/usr/local/mysql/include,
					../../include,
					../../xdb,
				);
				LD_DYLIB_INSTALL_NAME = ../sbin/api/libxdb_mysql.dylib;
				LIBRARY_SEARCH_PATHS = (
					/opt/X11/lib,
					/usr/local/mysql/lib,
					../lib,
				);
				OBJROOT = "/Users/zwq/工程/Easily-tmp/macos";
				OTHER_LDFLAGS = "-lmysqlclient";
				OTHER_LIBTOOLFLAGS = "";
				PRODUCT_NAME = "$(TARGET_NAME)";
				SYMROOT = ../sbin/api;
			};
			name = Release;
		};
/* End XCBuildConfiguration section */

/* Begin XCConfigurationList section */
		9BE980B0217D98090087F314 /* Build configuration list for PBXProject "xdb_mysql" */ = {
			isa = XCConfigurationList;
			buildConfigurations = (
				9BE980B7217D98090087F314 /* Debug */,
				9BE980B8217D98090087F314 /* Release */,
			);
			defaultConfigurationIsVisible = 0;
			defaultConfigurationName = Release;
		};
		9BE980B9217D98090087F314 /* Build configuration list for PBXNativeTarget "xdb_mysql" */ = {
			isa = XCConfigurationList;
			buildConfigurations = (
				9BE980BA217D98090087F314 /* Debug */,
				9BE980BB217D98090087F314 /* Release */,
			);
			defaultConfigurationIsVisible = 0;
			defaultConfigurationName = Release;
		};
/* End XCConfigurationList section */
	};
	rootObject = 9BE980AD217D98090087F314 /* Project object */;
}
