// !$*UTF8*$!
{
	archiveVersion = 1;
	classes = {
	};
	objectVersion = 46;
	objects = {

/* Begin PBXBuildFile section */
		9B077D91214ED8BF00C647DD /* qrenc.c in Sources */ = {isa = PBXBuildFile; fileRef = 9B077D7D214ED8BF00C647DD /* qrenc.c */; };
		9B077D92214ED8BF00C647DD /* mask.c in Sources */ = {isa = PBXBuildFile; fileRef = 9B077D7E214ED8BF00C647DD /* mask.c */; };
		9B077D93214ED8BF00C647DD /* mmask.c in Sources */ = {isa = PBXBuildFile; fileRef = 9B077D7F214ED8BF00C647DD /* mmask.c */; };
		9B077D94214ED8BF00C647DD /* mqrspec.c in Sources */ = {isa = PBXBuildFile; fileRef = 9B077D80214ED8BF00C647DD /* mqrspec.c */; };
		9B077D95214ED8BF00C647DD /* qrencode.c in Sources */ = {isa = PBXBuildFile; fileRef = 9B077D81214ED8BF00C647DD /* qrencode.c */; };
		9B077D96214ED8BF00C647DD /* qrencode.h in Headers */ = {isa = PBXBuildFile; fileRef = 9B077D82214ED8BF00C647DD /* qrencode.h */; };
		9B077D97214ED8BF00C647DD /* qrinput.c in Sources */ = {isa = PBXBuildFile; fileRef = 9B077D83214ED8BF00C647DD /* qrinput.c */; };
		9B077D98214ED8BF00C647DD /* qrspec.c in Sources */ = {isa = PBXBuildFile; fileRef = 9B077D84214ED8BF00C647DD /* qrspec.c */; };
		9B077D99214ED8BF00C647DD /* rscode.c in Sources */ = {isa = PBXBuildFile; fileRef = 9B077D85214ED8BF00C647DD /* rscode.c */; };
		9B077D9A214ED8BF00C647DD /* split.c in Sources */ = {isa = PBXBuildFile; fileRef = 9B077D86214ED8BF00C647DD /* split.c */; };
		9B077D9B214ED8BF00C647DD /* bitstream.c in Sources */ = {isa = PBXBuildFile; fileRef = 9B077D87214ED8BF00C647DD /* bitstream.c */; };
		9B077D9C214ED8BF00C647DD /* bitstream.h in Headers */ = {isa = PBXBuildFile; fileRef = 9B077D88214ED8BF00C647DD /* bitstream.h */; };
		9B077D9D214ED8BF00C647DD /* mask.h in Headers */ = {isa = PBXBuildFile; fileRef = 9B077D89214ED8BF00C647DD /* mask.h */; };
		9B077D9E214ED8BF00C647DD /* mmask.h in Headers */ = {isa = PBXBuildFile; fileRef = 9B077D8A214ED8BF00C647DD /* mmask.h */; };
		9B077D9F214ED8BF00C647DD /* mqrspec.h in Headers */ = {isa = PBXBuildFile; fileRef = 9B077D8B214ED8BF00C647DD /* mqrspec.h */; };
		9B077DA0214ED8BF00C647DD /* qrencode_inner.h in Headers */ = {isa = PBXBuildFile; fileRef = 9B077D8C214ED8BF00C647DD /* qrencode_inner.h */; };
		9B077DA1214ED8BF00C647DD /* qrinput.h in Headers */ = {isa = PBXBuildFile; fileRef = 9B077D8D214ED8BF00C647DD /* qrinput.h */; };
		9B077DA2214ED8BF00C647DD /* qrspec.h in Headers */ = {isa = PBXBuildFile; fileRef = 9B077D8E214ED8BF00C647DD /* qrspec.h */; };
		9B077DA3214ED8BF00C647DD /* rscode.h in Headers */ = {isa = PBXBuildFile; fileRef = 9B077D8F214ED8BF00C647DD /* rscode.h */; };
		9B077DA4214ED8BF00C647DD /* split.h in Headers */ = {isa = PBXBuildFile; fileRef = 9B077D90214ED8BF00C647DD /* split.h */; };
/* End PBXBuildFile section */

/* Begin PBXFileReference section */
		9B077D76214ED8A600C647DD /* libqrcode.a */ = {isa = PBXFileReference; explicitFileType = archive.ar; includeInIndex = 0; path = libqrcode.a; sourceTree = BUILT_PRODUCTS_DIR; };
		9B077D7D214ED8BF00C647DD /* qrenc.c */ = {isa = PBXFileReference; fileEncoding = 4; lastKnownFileType = sourcecode.c.c; name = qrenc.c; path = ../../qrcode/qrenc.c; sourceTree = "<group>"; };
		9B077D7E214ED8BF00C647DD /* mask.c */ = {isa = PBXFileReference; fileEncoding = 4; lastKnownFileType = sourcecode.c.c; name = mask.c; path = ../../qrcode/mask.c; sourceTree = "<group>"; };
		9B077D7F214ED8BF00C647DD /* mmask.c */ = {isa = PBXFileReference; fileEncoding = 4; lastKnownFileType = sourcecode.c.c; name = mmask.c; path = ../../qrcode/mmask.c; sourceTree = "<group>"; };
		9B077D80214ED8BF00C647DD /* mqrspec.c */ = {isa = PBXFileReference; fileEncoding = 4; lastKnownFileType = sourcecode.c.c; name = mqrspec.c; path = ../../qrcode/mqrspec.c; sourceTree = "<group>"; };
		9B077D81214ED8BF00C647DD /* qrencode.c */ = {isa = PBXFileReference; fileEncoding = 4; lastKnownFileType = sourcecode.c.c; name = qrencode.c; path = ../../qrcode/qrencode.c; sourceTree = "<group>"; };
		9B077D82214ED8BF00C647DD /* qrencode.h */ = {isa = PBXFileReference; fileEncoding = 4; lastKnownFileType = sourcecode.c.h; name = qrencode.h; path = ../../qrcode/qrencode.h; sourceTree = "<group>"; };
		9B077D83214ED8BF00C647DD /* qrinput.c */ = {isa = PBXFileReference; fileEncoding = 4; lastKnownFileType = sourcecode.c.c; name = qrinput.c; path = ../../qrcode/qrinput.c; sourceTree = "<group>"; };
		9B077D84214ED8BF00C647DD /* qrspec.c */ = {isa = PBXFileReference; fileEncoding = 4; lastKnownFileType = sourcecode.c.c; name = qrspec.c; path = ../../qrcode/qrspec.c; sourceTree = "<group>"; };
		9B077D85214ED8BF00C647DD /* rscode.c */ = {isa = PBXFileReference; fileEncoding = 4; lastKnownFileType = sourcecode.c.c; name = rscode.c; path = ../../qrcode/rscode.c; sourceTree = "<group>"; };
		9B077D86214ED8BF00C647DD /* split.c */ = {isa = PBXFileReference; fileEncoding = 4; lastKnownFileType = sourcecode.c.c; name = split.c; path = ../../qrcode/split.c; sourceTree = "<group>"; };
		9B077D87214ED8BF00C647DD /* bitstream.c */ = {isa = PBXFileReference; fileEncoding = 4; lastKnownFileType = sourcecode.c.c; name = bitstream.c; path = ../../qrcode/bitstream.c; sourceTree = "<group>"; };
		9B077D88214ED8BF00C647DD /* bitstream.h */ = {isa = PBXFileReference; fileEncoding = 4; lastKnownFileType = sourcecode.c.h; name = bitstream.h; path = ../../qrcode/bitstream.h; sourceTree = "<group>"; };
		9B077D89214ED8BF00C647DD /* mask.h */ = {isa = PBXFileReference; fileEncoding = 4; lastKnownFileType = sourcecode.c.h; name = mask.h; path = ../../qrcode/mask.h; sourceTree = "<group>"; };
		9B077D8A214ED8BF00C647DD /* mmask.h */ = {isa = PBXFileReference; fileEncoding = 4; lastKnownFileType = sourcecode.c.h; name = mmask.h; path = ../../qrcode/mmask.h; sourceTree = "<group>"; };
		9B077D8B214ED8BF00C647DD /* mqrspec.h */ = {isa = PBXFileReference; fileEncoding = 4; lastKnownFileType = sourcecode.c.h; name = mqrspec.h; path = ../../qrcode/mqrspec.h; sourceTree = "<group>"; };
		9B077D8C214ED8BF00C647DD /* qrencode_inner.h */ = {isa = PBXFileReference; fileEncoding = 4; lastKnownFileType = sourcecode.c.h; name = qrencode_inner.h; path = ../../qrcode/qrencode_inner.h; sourceTree = "<group>"; };
		9B077D8D214ED8BF00C647DD /* qrinput.h */ = {isa = PBXFileReference; fileEncoding = 4; lastKnownFileType = sourcecode.c.h; name = qrinput.h; path = ../../qrcode/qrinput.h; sourceTree = "<group>"; };
		9B077D8E214ED8BF00C647DD /* qrspec.h */ = {isa = PBXFileReference; fileEncoding = 4; lastKnownFileType = sourcecode.c.h; name = qrspec.h; path = ../../qrcode/qrspec.h; sourceTree = "<group>"; };
		9B077D8F214ED8BF00C647DD /* rscode.h */ = {isa = PBXFileReference; fileEncoding = 4; lastKnownFileType = sourcecode.c.h; name = rscode.h; path = ../../qrcode/rscode.h; sourceTree = "<group>"; };
		9B077D90214ED8BF00C647DD /* split.h */ = {isa = PBXFileReference; fileEncoding = 4; lastKnownFileType = sourcecode.c.h; name = split.h; path = ../../qrcode/split.h; sourceTree = "<group>"; };
/* End PBXFileReference section */

/* Begin PBXFrameworksBuildPhase section */
		9B077D73214ED8A600C647DD /* Frameworks */ = {
			isa = PBXFrameworksBuildPhase;
			buildActionMask = 2147483647;
			files = (
			);
			runOnlyForDeploymentPostprocessing = 0;
		};
/* End PBXFrameworksBuildPhase section */

/* Begin PBXGroup section */
		9B077D6D214ED8A600C647DD = {
			isa = PBXGroup;
			children = (
				9B077D7D214ED8BF00C647DD /* qrenc.c */,
				9B077D7E214ED8BF00C647DD /* mask.c */,
				9B077D7F214ED8BF00C647DD /* mmask.c */,
				9B077D80214ED8BF00C647DD /* mqrspec.c */,
				9B077D81214ED8BF00C647DD /* qrencode.c */,
				9B077D82214ED8BF00C647DD /* qrencode.h */,
				9B077D83214ED8BF00C647DD /* qrinput.c */,
				9B077D84214ED8BF00C647DD /* qrspec.c */,
				9B077D85214ED8BF00C647DD /* rscode.c */,
				9B077D86214ED8BF00C647DD /* split.c */,
				9B077D87214ED8BF00C647DD /* bitstream.c */,
				9B077D88214ED8BF00C647DD /* bitstream.h */,
				9B077D89214ED8BF00C647DD /* mask.h */,
				9B077D8A214ED8BF00C647DD /* mmask.h */,
				9B077D8B214ED8BF00C647DD /* mqrspec.h */,
				9B077D8C214ED8BF00C647DD /* qrencode_inner.h */,
				9B077D8D214ED8BF00C647DD /* qrinput.h */,
				9B077D8E214ED8BF00C647DD /* qrspec.h */,
				9B077D8F214ED8BF00C647DD /* rscode.h */,
				9B077D90214ED8BF00C647DD /* split.h */,
				9B077D77214ED8A600C647DD /* Products */,
			);
			sourceTree = "<group>";
		};
		9B077D77214ED8A600C647DD /* Products */ = {
			isa = PBXGroup;
			children = (
				9B077D76214ED8A600C647DD /* libqrcode.a */,
			);
			name = Products;
			sourceTree = "<group>";
		};
/* End PBXGroup section */

/* Begin PBXHeadersBuildPhase section */
		9B077D74214ED8A600C647DD /* Headers */ = {
			isa = PBXHeadersBuildPhase;
			buildActionMask = 2147483647;
			files = (
				9B077D9C214ED8BF00C647DD /* bitstream.h in Headers */,
				9B077D9D214ED8BF00C647DD /* mask.h in Headers */,
				9B077DA3214ED8BF00C647DD /* rscode.h in Headers */,
				9B077DA4214ED8BF00C647DD /* split.h in Headers */,
				9B077D9F214ED8BF00C647DD /* mqrspec.h in Headers */,
				9B077D9E214ED8BF00C647DD /* mmask.h in Headers */,
				9B077DA2214ED8BF00C647DD /* qrspec.h in Headers */,
				9B077DA1214ED8BF00C647DD /* qrinput.h in Headers */,
				9B077DA0214ED8BF00C647DD /* qrencode_inner.h in Headers */,
				9B077D96214ED8BF00C647DD /* qrencode.h in Headers */,
			);
			runOnlyForDeploymentPostprocessing = 0;
		};
/* End PBXHeadersBuildPhase section */

/* Begin PBXNativeTarget section */
		9B077D75214ED8A600C647DD /* qrcode */ = {
			isa = PBXNativeTarget;
			buildConfigurationList = 9B077D7A214ED8A600C647DD /* Build configuration list for PBXNativeTarget "qrcode" */;
			buildPhases = (
				9B077D72214ED8A600C647DD /* Sources */,
				9B077D73214ED8A600C647DD /* Frameworks */,
				9B077D74214ED8A600C647DD /* Headers */,
			);
			buildRules = (
			);
			dependencies = (
			);
			name = qrcode;
			productName = qrcode;
			productReference = 9B077D76214ED8A600C647DD /* libqrcode.a */;
			productType = "com.apple.product-type.library.static";
		};
/* End PBXNativeTarget section */

/* Begin PBXProject section */
		9B077D6E214ED8A600C647DD /* Project object */ = {
			isa = PBXProject;
			attributes = {
				LastUpgradeCheck = 0720;
				ORGANIZATIONNAME = "张文权";
				TargetAttributes = {
					9B077D75214ED8A600C647DD = {
						CreatedOnToolsVersion = 7.2.1;
					};
				};
			};
			buildConfigurationList = 9B077D71214ED8A600C647DD /* Build configuration list for PBXProject "qrcode" */;
			compatibilityVersion = "Xcode 3.2";
			developmentRegion = English;
			hasScannedForEncodings = 0;
			knownRegions = (
				en,
			);
			mainGroup = 9B077D6D214ED8A600C647DD;
			productRefGroup = 9B077D77214ED8A600C647DD /* Products */;
			projectDirPath = "";
			projectRoot = "";
			targets = (
				9B077D75214ED8A600C647DD /* qrcode */,
			);
		};
/* End PBXProject section */

/* Begin PBXSourcesBuildPhase section */
		9B077D72214ED8A600C647DD /* Sources */ = {
			isa = PBXSourcesBuildPhase;
			buildActionMask = 2147483647;
			files = (
				9B077D93214ED8BF00C647DD /* mmask.c in Sources */,
				9B077D9B214ED8BF00C647DD /* bitstream.c in Sources */,
				9B077D99214ED8BF00C647DD /* rscode.c in Sources */,
				9B077D94214ED8BF00C647DD /* mqrspec.c in Sources */,
				9B077D9A214ED8BF00C647DD /* split.c in Sources */,
				9B077D95214ED8BF00C647DD /* qrencode.c in Sources */,
				9B077D91214ED8BF00C647DD /* qrenc.c in Sources */,
				9B077D98214ED8BF00C647DD /* qrspec.c in Sources */,
				9B077D92214ED8BF00C647DD /* mask.c in Sources */,
				9B077D97214ED8BF00C647DD /* qrinput.c in Sources */,
			);
			runOnlyForDeploymentPostprocessing = 0;
		};
/* End PBXSourcesBuildPhase section */

/* Begin XCBuildConfiguration section */
		9B077D78214ED8A600C647DD /* Debug */ = {
			isa = XCBuildConfiguration;
			buildSettings = {
				ALWAYS_SEARCH_USER_PATHS = NO;
				CLANG_CXX_LANGUAGE_STANDARD = "gnu++0x";
				CLANG_CXX_LIBRARY = "libc++";
				CLANG_ENABLE_MODULES = YES;
				CLANG_ENABLE_OBJC_ARC = YES;
				CLANG_WARN_BOOL_CONVERSION = YES;
				CLANG_WARN_CONSTANT_CONVERSION = YES;
				CLANG_WARN_DIRECT_OBJC_ISA_USAGE = YES_ERROR;
				CLANG_WARN_EMPTY_BODY = YES;
				CLANG_WARN_ENUM_CONVERSION = YES;
				CLANG_WARN_INT_CONVERSION = YES;
				CLANG_WARN_OBJC_ROOT_CLASS = YES_ERROR;
				CLANG_WARN_UNREACHABLE_CODE = YES;
				CLANG_WARN__DUPLICATE_METHOD_MATCH = YES;
				CODE_SIGN_IDENTITY = "-";
				COPY_PHASE_STRIP = NO;
				DEBUG_INFORMATION_FORMAT = dwarf;
				ENABLE_STRICT_OBJC_MSGSEND = YES;
				ENABLE_TESTABILITY = YES;
				GCC_C_LANGUAGE_STANDARD = gnu99;
				GCC_DYNAMIC_NO_PIC = NO;
				GCC_NO_COMMON_BLOCKS = YES;
				GCC_OPTIMIZATION_LEVEL = 0;
				GCC_PREPROCESSOR_DEFINITIONS = (
					"DEBUG=1",
					"$(inherited)",
				);
				GCC_WARN_64_TO_32_BIT_CONVERSION = YES;
				GCC_WARN_ABOUT_RETURN_TYPE = YES_ERROR;
				GCC_WARN_UNDECLARED_SELECTOR = YES;
				GCC_WARN_UNINITIALIZED_AUTOS = YES_AGGRESSIVE;
				GCC_WARN_UNUSED_FUNCTION = YES;
				GCC_WARN_UNUSED_VARIABLE = YES;
				MACOSX_DEPLOYMENT_TARGET = 10.10;
				MTL_ENABLE_DEBUG_INFO = YES;
				ONLY_ACTIVE_ARCH = YES;
				SDKROOT = macosx;
			};
			name = Debug;
		};
		9B077D79214ED8A600C647DD /* Release */ = {
			isa = XCBuildConfiguration;
			buildSettings = {
				ALWAYS_SEARCH_USER_PATHS = NO;
				CLANG_CXX_LANGUAGE_STANDARD = "gnu++0x";
				CLANG_CXX_LIBRARY = "libc++";
				CLANG_ENABLE_MODULES = YES;
				CLANG_ENABLE_OBJC_ARC = YES;
				CLANG_WARN_BOOL_CONVERSION = YES;
				CLANG_WARN_CONSTANT_CONVERSION = YES;
				CLANG_WARN_DIRECT_OBJC_ISA_USAGE = YES_ERROR;
				CLANG_WARN_EMPTY_BODY = YES;
				CLANG_WARN_ENUM_CONVERSION = YES;
				CLANG_WARN_INT_CONVERSION = YES;
				CLANG_WARN_OBJC_ROOT_CLASS = YES_ERROR;
				CLANG_WARN_UNREACHABLE_CODE = YES;
				CLANG_WARN__DUPLICATE_METHOD_MATCH = YES;
				CODE_SIGN_IDENTITY = "-";
				COPY_PHASE_STRIP = NO;
				DEBUG_INFORMATION_FORMAT = "dwarf-with-dsym";
				ENABLE_NS_ASSERTIONS = NO;
				ENABLE_STRICT_OBJC_MSGSEND = YES;
				GCC_C_LANGUAGE_STANDARD = gnu99;
				GCC_NO_COMMON_BLOCKS = YES;
				GCC_WARN_64_TO_32_BIT_CONVERSION = YES;
				GCC_WARN_ABOUT_RETURN_TYPE = YES_ERROR;
				GCC_WARN_UNDECLARED_SELECTOR = YES;
				GCC_WARN_UNINITIALIZED_AUTOS = YES_AGGRESSIVE;
				GCC_WARN_UNUSED_FUNCTION = YES;
				GCC_WARN_UNUSED_VARIABLE = YES;
				MACOSX_DEPLOYMENT_TARGET = 10.10;
				MTL_ENABLE_DEBUG_INFO = NO;
				SDKROOT = macosx;
			};
			name = Release;
		};
		9B077D7B214ED8A600C647DD /* Debug */ = {
			isa = XCBuildConfiguration;
			buildSettings = {
				CONFIGURATION_BUILD_DIR = "$(BUILD_DIR)";
				EXECUTABLE_PREFIX = lib;
				INSTALL_PATH = ../lib;
				OBJROOT = "/Users/zwq/工程/Easily-tmp/macos";
				PRODUCT_NAME = "$(TARGET_NAME)";
				SYMROOT = "/Users/zwq/工程/Easily-app-5/macos";
			};
			name = Debug;
		};
		9B077D7C214ED8A600C647DD /* Release */ = {
			isa = XCBuildConfiguration;
			buildSettings = {
				CONFIGURATION_BUILD_DIR = "$(BUILD_DIR)";
				EXECUTABLE_PREFIX = lib;
				INSTALL_PATH = ../lib;
				OBJROOT = "/Users/zwq/工程/Easily-tmp/macos";
				PRODUCT_NAME = "$(TARGET_NAME)";
				SYMROOT = "/Users/zwq/工程/Easily-app-5/macos";
			};
			name = Release;
		};
/* End XCBuildConfiguration section */

/* Begin XCConfigurationList section */
		9B077D71214ED8A600C647DD /* Build configuration list for PBXProject "qrcode" */ = {
			isa = XCConfigurationList;
			buildConfigurations = (
				9B077D78214ED8A600C647DD /* Debug */,
				9B077D79214ED8A600C647DD /* Release */,
			);
			defaultConfigurationIsVisible = 0;
			defaultConfigurationName = Release;
		};
		9B077D7A214ED8A600C647DD /* Build configuration list for PBXNativeTarget "qrcode" */ = {
			isa = XCConfigurationList;
			buildConfigurations = (
				9B077D7B214ED8A600C647DD /* Debug */,
				9B077D7C214ED8A600C647DD /* Release */,
			);
			defaultConfigurationIsVisible = 0;
			defaultConfigurationName = Release;
		};
/* End XCConfigurationList section */
	};
	rootObject = 9B077D6E214ED8A600C647DD /* Project object */;
}
