<?xml version="1.0" encoding="utf-8"?>
<Project ToolsVersion="4.0" xmlns="http://schemas.microsoft.com/developer/msbuild/2003">
  <ItemGroup>
    <Filter Include="源文件">
      <UniqueIdentifier>{4FC737F1-C7A5-4376-A066-2A32D752A2FF}</UniqueIdentifier>
      <Extensions>cpp;c;cc;cxx;def;odl;idl;hpj;bat;asm;asmx</Extensions>
    </Filter>
    <Filter Include="头文件">
      <UniqueIdentifier>{93995380-89BD-4b04-88EB-625FBE52EBFB}</UniqueIdentifier>
      <Extensions>h;hh;hpp;hxx;hm;inl;inc;xsd</Extensions>
    </Filter>
    <Filter Include="资源文件">
      <UniqueIdentifier>{67DA6AB6-F800-4c08-8B7A-83BB121AAD01}</UniqueIdentifier>
      <Extensions>rc;ico;cur;bmp;dlg;rc2;rct;bin;rgs;gif;jpg;jpeg;jpe;resx;tiff;tif;png;wav;mfcribbon-ms</Extensions>
    </Filter>
    <Filter Include="头文件\lang">
      <UniqueIdentifier>{2460d26b-9f97-41a5-9482-18b95c1142ee}</UniqueIdentifier>
    </Filter>
  </ItemGroup>
  <ItemGroup>
    <ClCompile Include="..\..\xdc\annodlg.c">
      <Filter>源文件</Filter>
    </ClCompile>
    <ClCompile Include="..\..\xdc\checkbox.c">
      <Filter>源文件</Filter>
    </ClCompile>
    <ClCompile Include="..\..\xdc\datebox.c">
      <Filter>源文件</Filter>
    </ClCompile>
    <ClCompile Include="..\..\xdc\dialogctrl.c">
      <Filter>源文件</Filter>
    </ClCompile>
    <ClCompile Include="..\..\xdc\dropbox.c">
      <Filter>源文件</Filter>
    </ClCompile>
    <ClCompile Include="..\..\xdc\editbox.c">
      <Filter>源文件</Filter>
    </ClCompile>
    <ClCompile Include="..\..\xdc\firecheck.c">
      <Filter>源文件</Filter>
    </ClCompile>
    <ClCompile Include="..\..\xdc\firedate.c">
      <Filter>源文件</Filter>
    </ClCompile>
    <ClCompile Include="..\..\xdc\fireedit.c">
      <Filter>源文件</Filter>
    </ClCompile>
    <ClCompile Include="..\..\xdc\firegrid.c">
      <Filter>源文件</Filter>
    </ClCompile>
    <ClCompile Include="..\..\xdc\firelist.c">
      <Filter>源文件</Filter>
    </ClCompile>
    <ClCompile Include="..\..\xdc\firenum.c">
      <Filter>源文件</Filter>
    </ClCompile>
    <ClCompile Include="..\..\xdc\firetime.c">
      <Filter>源文件</Filter>
    </ClCompile>
    <ClCompile Include="..\..\xdc\firewords.c">
      <Filter>源文件</Filter>
    </ClCompile>
    <ClCompile Include="..\..\xdc\formctrl.c">
      <Filter>源文件</Filter>
    </ClCompile>
    <ClCompile Include="..\..\xdc\gridctrl.c">
      <Filter>源文件</Filter>
    </ClCompile>
    <ClCompile Include="..\..\xdc\griddlg.c">
      <Filter>源文件</Filter>
    </ClCompile>
    <ClCompile Include="..\..\xdc\iconbox.c">
      <Filter>源文件</Filter>
    </ClCompile>
    <ClCompile Include="..\..\xdc\imagesctrl.c">
      <Filter>源文件</Filter>
    </ClCompile>
    <ClCompile Include="..\..\xdc\inputdlg.c">
      <Filter>源文件</Filter>
    </ClCompile>
    <ClCompile Include="..\..\xdc\keybox.c">
      <Filter>源文件</Filter>
    </ClCompile>
    <ClCompile Include="..\..\xdc\labelctrl.c">
      <Filter>源文件</Filter>
    </ClCompile>
    <ClCompile Include="..\..\xdc\listbox.c">
      <Filter>源文件</Filter>
    </ClCompile>
    <ClCompile Include="..\..\xdc\listctrl.c">
      <Filter>源文件</Filter>
    </ClCompile>
    <ClCompile Include="..\..\xdc\listdlg.c">
      <Filter>源文件</Filter>
    </ClCompile>
    <ClCompile Include="..\..\xdc\memoctrl.c">
      <Filter>源文件</Filter>
    </ClCompile>
    <ClCompile Include="..\..\xdc\menubox.c">
      <Filter>源文件</Filter>
    </ClCompile>
    <ClCompile Include="..\..\xdc\msgdlg.c">
      <Filter>源文件</Filter>
    </ClCompile>
    <ClCompile Include="..\..\xdc\navibox.c">
      <Filter>源文件</Filter>
    </ClCompile>
    <ClCompile Include="..\..\xdc\notesctrl.c">
      <Filter>源文件</Filter>
    </ClCompile>
    <ClCompile Include="..\..\xdc\numbox.c">
      <Filter>源文件</Filter>
    </ClCompile>
    <ClCompile Include="..\..\xdc\photoctrl.c">
      <Filter>源文件</Filter>
    </ClCompile>
    <ClCompile Include="..\..\xdc\previewdlg.c">
      <Filter>源文件</Filter>
    </ClCompile>
    <ClCompile Include="..\..\xdc\properctrl.c">
      <Filter>源文件</Filter>
    </ClCompile>
    <ClCompile Include="..\..\xdc\properdlg.c">
      <Filter>源文件</Filter>
    </ClCompile>
    <ClCompile Include="..\..\xdc\pushbox.c">
      <Filter>源文件</Filter>
    </ClCompile>
    <ClCompile Include="..\..\xdc\radiobox.c">
      <Filter>源文件</Filter>
    </ClCompile>
    <ClCompile Include="..\..\xdc\richctrl.c">
      <Filter>源文件</Filter>
    </ClCompile>
    <ClCompile Include="..\..\xdc\shapebox.c">
      <Filter>源文件</Filter>
    </ClCompile>
    <ClCompile Include="..\..\xdc\slidebox.c">
      <Filter>源文件</Filter>
    </ClCompile>
    <ClCompile Include="..\..\xdc\spinbox.c">
      <Filter>源文件</Filter>
    </ClCompile>
    <ClCompile Include="..\..\xdc\staticbox.c">
      <Filter>源文件</Filter>
    </ClCompile>
    <ClCompile Include="..\..\xdc\statusctrl.c">
      <Filter>源文件</Filter>
    </ClCompile>
    <ClCompile Include="..\..\xdc\svgctrl.c">
      <Filter>源文件</Filter>
    </ClCompile>
    <ClCompile Include="..\..\xdc\tablectrl.c">
      <Filter>源文件</Filter>
    </ClCompile>
    <ClCompile Include="..\..\xdc\tabledlg.c">
      <Filter>源文件</Filter>
    </ClCompile>
    <ClCompile Include="..\..\xdc\tagctrl.c">
      <Filter>源文件</Filter>
    </ClCompile>
    <ClCompile Include="..\..\xdc\textdlg.c">
      <Filter>源文件</Filter>
    </ClCompile>
    <ClCompile Include="..\..\xdc\textor.c">
      <Filter>源文件</Filter>
    </ClCompile>
    <ClCompile Include="..\..\xdc\timebox.c">
      <Filter>源文件</Filter>
    </ClCompile>
    <ClCompile Include="..\..\xdc\tipbox.c">
      <Filter>源文件</Filter>
    </ClCompile>
    <ClCompile Include="..\..\xdc\titlectrl.c">
      <Filter>源文件</Filter>
    </ClCompile>
    <ClCompile Include="..\..\xdc\toolctrl.c">
      <Filter>源文件</Filter>
    </ClCompile>
    <ClCompile Include="..\..\xdc\topogctrl.c">
      <Filter>源文件</Filter>
    </ClCompile>
    <ClCompile Include="..\..\xdc\treectrl.c">
      <Filter>源文件</Filter>
    </ClCompile>
    <ClCompile Include="..\..\xdc\wordsbox.c">
      <Filter>源文件</Filter>
    </ClCompile>
    <ClCompile Include="..\..\xdc\xdcdlg.c">
      <Filter>源文件</Filter>
    </ClCompile>
    <ClCompile Include="..\..\xdc\xdcmenu.c">
      <Filter>源文件</Filter>
    </ClCompile>
    <ClCompile Include="..\..\xdc\docker.c">
      <Filter>源文件</Filter>
    </ClCompile>
    <ClCompile Include="..\..\xdc\splitor.c">
      <Filter>源文件</Filter>
    </ClCompile>
    <ClCompile Include="..\..\xdc\staticctrl.c">
      <Filter>源文件</Filter>
    </ClCompile>
    <ClCompile Include="..\..\xdc\diagramctrl.c">
      <Filter>源文件</Filter>
    </ClCompile>
    <ClCompile Include="..\..\xdc\vertbox.c">
      <Filter>源文件</Filter>
    </ClCompile>
    <ClCompile Include="..\..\xdc\horzbox.c">
      <Filter>源文件</Filter>
    </ClCompile>
    <ClCompile Include="..\..\xdc\plotbox.c">
      <Filter>源文件</Filter>
    </ClCompile>
    <ClCompile Include="..\..\xdc\calendarctrl.c">
      <Filter>源文件</Filter>
    </ClCompile>
    <ClCompile Include="..\..\xdc\modelctrl.c">
      <Filter>源文件</Filter>
    </ClCompile>
    <ClCompile Include="..\..\xdc\ownerctrl.c">
      <Filter>源文件</Filter>
    </ClCompile>
    <ClCompile Include="..\..\xdc\curvectrl.c">
      <Filter>源文件</Filter>
    </ClCompile>
    <ClCompile Include="..\..\xdc\panelctrl.c">
      <Filter>源文件</Filter>
    </ClCompile>
    <ClCompile Include="..\..\xdc\widgetex.c">
      <Filter>源文件</Filter>
    </ClCompile>
    <ClCompile Include="..\..\xdc\widgetnc.c">
      <Filter>源文件</Filter>
    </ClCompile>
    <ClCompile Include="..\..\xdc\xdcinit.c">
      <Filter>源文件</Filter>
    </ClCompile>
    <ClCompile Include="..\..\xdc\icongdi.c">
      <Filter>源文件</Filter>
    </ClCompile>
    <ClCompile Include="..\..\xdc\impgdi.c">
      <Filter>源文件</Filter>
    </ClCompile>
    <ClCompile Include="..\..\xdc\impbitmap.c">
      <Filter>源文件</Filter>
    </ClCompile>
    <ClCompile Include="..\..\xdc\impcontext.c">
      <Filter>源文件</Filter>
    </ClCompile>
    <ClCompile Include="..\..\xdc\impshell.c">
      <Filter>源文件</Filter>
    </ClCompile>
    <ClCompile Include="..\..\xdc\plotgdi.c">
      <Filter>源文件</Filter>
    </ClCompile>
    <ClCompile Include="..\..\xdc\impclip.c">
      <Filter>源文件</Filter>
    </ClCompile>
    <ClCompile Include="..\..\xdc\gdicanv.c">
      <Filter>源文件</Filter>
    </ClCompile>
    <ClCompile Include="..\..\xdc\gdiinf.c">
      <Filter>源文件</Filter>
    </ClCompile>
    <ClCompile Include="..\..\xdc\printbag.c">
      <Filter>源文件</Filter>
    </ClCompile>
    <ClCompile Include="..\..\xdc\impwidget.c">
      <Filter>源文件</Filter>
    </ClCompile>
  </ItemGroup>
  <ItemGroup>
    <ClInclude Include="..\..\xdc\textor.h">
      <Filter>头文件</Filter>
    </ClInclude>
    <ClInclude Include="..\..\xdc\xdcbox.h">
      <Filter>头文件</Filter>
    </ClInclude>
    <ClInclude Include="..\..\xdc\xdcctrl.h">
      <Filter>头文件</Filter>
    </ClInclude>
    <ClInclude Include="..\..\xdc\xdcdef.h">
      <Filter>头文件</Filter>
    </ClInclude>
    <ClInclude Include="..\..\xdc\xdcdlg.h">
      <Filter>头文件</Filter>
    </ClInclude>
    <ClInclude Include="..\..\xdc\xdcfire.h">
      <Filter>头文件</Filter>
    </ClInclude>
    <ClInclude Include="..\..\xdc\xdcmenu.h">
      <Filter>头文件</Filter>
    </ClInclude>
    <ClInclude Include="..\..\xdc\docker.h">
      <Filter>头文件</Filter>
    </ClInclude>
    <ClInclude Include="..\..\xdc\splitor.h">
      <Filter>头文件</Filter>
    </ClInclude>
    <ClInclude Include="..\..\xdc\lang\_xdc_ansi.h">
      <Filter>头文件\lang</Filter>
    </ClInclude>
    <ClInclude Include="..\..\xdc\widgetex.h">
      <Filter>头文件</Filter>
    </ClInclude>
    <ClInclude Include="..\..\xdc\widgetnc.h">
      <Filter>头文件</Filter>
    </ClInclude>
    <ClInclude Include="..\..\xdc\xdcinit.h">
      <Filter>头文件</Filter>
    </ClInclude>
    <ClInclude Include="..\..\xdc\icongdi.h">
      <Filter>头文件</Filter>
    </ClInclude>
    <ClInclude Include="..\..\xdc\impbitmap.h">
      <Filter>头文件</Filter>
    </ClInclude>
    <ClInclude Include="..\..\xdc\impcontext.h">
      <Filter>头文件</Filter>
    </ClInclude>
    <ClInclude Include="..\..\xdc\impgdi.h">
      <Filter>头文件</Filter>
    </ClInclude>
    <ClInclude Include="..\..\xdc\impshell.h">
      <Filter>头文件</Filter>
    </ClInclude>
    <ClInclude Include="..\..\xdc\xdcimp.h">
      <Filter>头文件</Filter>
    </ClInclude>
    <ClInclude Include="..\..\xdc\plotgdi.h">
      <Filter>头文件</Filter>
    </ClInclude>
    <ClInclude Include="..\..\xdc\impclip.h">
      <Filter>头文件</Filter>
    </ClInclude>
    <ClInclude Include="..\..\xdc\gdicanv.h">
      <Filter>头文件</Filter>
    </ClInclude>
    <ClInclude Include="..\..\xdc\gdiinf.h">
      <Filter>头文件</Filter>
    </ClInclude>
    <ClInclude Include="..\..\xdc\printbag.h">
      <Filter>头文件</Filter>
    </ClInclude>
    <ClInclude Include="..\..\xdc\impwidget.h">
      <Filter>头文件</Filter>
    </ClInclude>
  </ItemGroup>
</Project>