// !$*UTF8*$!
{
	archiveVersion = 1;
	classes = {
	};
	objectVersion = 46;
	objects = {

/* Begin PBXBuildFile section */
		9B714AB323D2DC450053EC7E /* main.cpp in Sources */ = {isa = PBXBuildFile; fileRef = 9B714AB223D2DC450053EC7E /* main.cpp */; };
		9B714AB523D2DC5F0053EC7E /* libxdl.dylib in Frameworks */ = {isa = PBXBuildFile; fileRef = 9B714AB423D2DC5F0053EC7E /* libxdl.dylib */; };
/* End PBXBuildFile section */

/* Begin PBXCopyFilesBuildPhase section */
		9B714AA623D2DBEB0053EC7E /* CopyFiles */ = {
			isa = PBXCopyFilesBuildPhase;
			buildActionMask = 2147483647;
			dstPath = /usr/share/man/man1/;
			dstSubfolderSpec = 0;
			files = (
			);
			runOnlyForDeploymentPostprocessing = 1;
		};
/* End PBXCopyFilesBuildPhase section */

/* Begin PBXFileReference section */
		9B714AA823D2DBEB0053EC7E /* xdl_file_test */ = {isa = PBXFileReference; explicitFileType = "compiled.mach-o.executable"; includeInIndex = 0; path = xdl_file_test; sourceTree = BUILT_PRODUCTS_DIR; };
		9B714AB223D2DC450053EC7E /* main.cpp */ = {isa = PBXFileReference; fileEncoding = 4; lastKnownFileType = sourcecode.cpp.cpp; name = main.cpp; path = ../../../test/xdl_file_test/main.cpp; sourceTree = "<group>"; };
		9B714AB423D2DC5F0053EC7E /* libxdl.dylib */ = {isa = PBXFileReference; lastKnownFileType = "compiled.mach-o.dylib"; name = libxdl.dylib; path = ../../sbin/api/libxdl.dylib; sourceTree = "<group>"; };
/* End PBXFileReference section */

/* Begin PBXFrameworksBuildPhase section */
		9B714AA523D2DBEB0053EC7E /* Frameworks */ = {
			isa = PBXFrameworksBuildPhase;
			buildActionMask = 2147483647;
			files = (
				9B714AB523D2DC5F0053EC7E /* libxdl.dylib in Frameworks */,
			);
			runOnlyForDeploymentPostprocessing = 0;
		};
/* End PBXFrameworksBuildPhase section */

/* Begin PBXGroup section */
		9B714A9F23D2DBEB0053EC7E = {
			isa = PBXGroup;
			children = (
				9B714AB423D2DC5F0053EC7E /* libxdl.dylib */,
				9B714AB223D2DC450053EC7E /* main.cpp */,
				9B714AA923D2DBEB0053EC7E /* Products */,
			);
			sourceTree = "<group>";
		};
		9B714AA923D2DBEB0053EC7E /* Products */ = {
			isa = PBXGroup;
			children = (
				9B714AA823D2DBEB0053EC7E /* xdl_file_test */,
			);
			name = Products;
			sourceTree = "<group>";
		};
/* End PBXGroup section */

/* Begin PBXNativeTarget section */
		9B714AA723D2DBEB0053EC7E /* xdl_file_test */ = {
			isa = PBXNativeTarget;
			buildConfigurationList = 9B714AAF23D2DBEB0053EC7E /* Build configuration list for PBXNativeTarget "xdl_file_test" */;
			buildPhases = (
				9B714AA423D2DBEB0053EC7E /* Sources */,
				9B714AA523D2DBEB0053EC7E /* Frameworks */,
				9B714AA623D2DBEB0053EC7E /* CopyFiles */,
			);
			buildRules = (
			);
			dependencies = (
			);
			name = xdl_file_test;
			productName = xdl_file_test;
			productReference = 9B714AA823D2DBEB0053EC7E /* xdl_file_test */;
			productType = "com.apple.product-type.tool";
		};
/* End PBXNativeTarget section */

/* Begin PBXProject section */
		9B714AA023D2DBEB0053EC7E /* Project object */ = {
			isa = PBXProject;
			attributes = {
				LastUpgradeCheck = 0720;
				ORGANIZATIONNAME = "张文权";
				TargetAttributes = {
					9B714AA723D2DBEB0053EC7E = {
						CreatedOnToolsVersion = 7.2.1;
					};
				};
			};
			buildConfigurationList = 9B714AA323D2DBEB0053EC7E /* Build configuration list for PBXProject "xdl_file_test" */;
			compatibilityVersion = "Xcode 3.2";
			developmentRegion = English;
			hasScannedForEncodings = 0;
			knownRegions = (
				en,
			);
			mainGroup = 9B714A9F23D2DBEB0053EC7E;
			productRefGroup = 9B714AA923D2DBEB0053EC7E /* Products */;
			projectDirPath = "";
			projectRoot = "";
			targets = (
				9B714AA723D2DBEB0053EC7E /* xdl_file_test */,
			);
		};
/* End PBXProject section */

/* Begin PBXSourcesBuildPhase section */
		9B714AA423D2DBEB0053EC7E /* Sources */ = {
			isa = PBXSourcesBuildPhase;
			buildActionMask = 2147483647;
			files = (
				9B714AB323D2DC450053EC7E /* main.cpp in Sources */,
			);
			runOnlyForDeploymentPostprocessing = 0;
		};
/* End PBXSourcesBuildPhase section */

/* Begin XCBuildConfiguration section */
		9B714AAD23D2DBEB0053EC7E /* Debug */ = {
			isa = XCBuildConfiguration;
			buildSettings = {
				ALWAYS_SEARCH_USER_PATHS = NO;
				CLANG_CXX_LANGUAGE_STANDARD = "gnu++0x";
				CLANG_CXX_LIBRARY = "libc++";
				CLANG_ENABLE_MODULES = YES;
				CLANG_ENABLE_OBJC_ARC = YES;
				CLANG_WARN_BOOL_CONVERSION = YES;
				CLANG_WARN_CONSTANT_CONVERSION = YES;
				CLANG_WARN_DIRECT_OBJC_ISA_USAGE = YES_ERROR;
				CLANG_WARN_EMPTY_BODY = YES;
				CLANG_WARN_ENUM_CONVERSION = YES;
				CLANG_WARN_INT_CONVERSION = YES;
				CLANG_WARN_OBJC_ROOT_CLASS = YES_ERROR;
				CLANG_WARN_UNREACHABLE_CODE = YES;
				CLANG_WARN__DUPLICATE_METHOD_MATCH = YES;
				CODE_SIGN_IDENTITY = "-";
				COPY_PHASE_STRIP = NO;
				DEBUG_INFORMATION_FORMAT = dwarf;
				ENABLE_STRICT_OBJC_MSGSEND = YES;
				ENABLE_TESTABILITY = YES;
				GCC_C_LANGUAGE_STANDARD = gnu99;
				GCC_DYNAMIC_NO_PIC = NO;
				GCC_NO_COMMON_BLOCKS = YES;
				GCC_OPTIMIZATION_LEVEL = 0;
				GCC_PREPROCESSOR_DEFINITIONS = (
					"DEBUG=1",
					"$(inherited)",
				);
				GCC_WARN_64_TO_32_BIT_CONVERSION = YES;
				GCC_WARN_ABOUT_RETURN_TYPE = YES_ERROR;
				GCC_WARN_UNDECLARED_SELECTOR = YES;
				GCC_WARN_UNINITIALIZED_AUTOS = YES_AGGRESSIVE;
				GCC_WARN_UNUSED_FUNCTION = YES;
				GCC_WARN_UNUSED_VARIABLE = YES;
				MACOSX_DEPLOYMENT_TARGET = 10.10;
				MTL_ENABLE_DEBUG_INFO = YES;
				ONLY_ACTIVE_ARCH = YES;
				SDKROOT = macosx;
			};
			name = Debug;
		};
		9B714AAE23D2DBEB0053EC7E /* Release */ = {
			isa = XCBuildConfiguration;
			buildSettings = {
				ALWAYS_SEARCH_USER_PATHS = NO;
				CLANG_CXX_LANGUAGE_STANDARD = "gnu++0x";
				CLANG_CXX_LIBRARY = "libc++";
				CLANG_ENABLE_MODULES = YES;
				CLANG_ENABLE_OBJC_ARC = YES;
				CLANG_WARN_BOOL_CONVERSION = YES;
				CLANG_WARN_CONSTANT_CONVERSION = YES;
				CLANG_WARN_DIRECT_OBJC_ISA_USAGE = YES_ERROR;
				CLANG_WARN_EMPTY_BODY = YES;
				CLANG_WARN_ENUM_CONVERSION = YES;
				CLANG_WARN_INT_CONVERSION = YES;
				CLANG_WARN_OBJC_ROOT_CLASS = YES_ERROR;
				CLANG_WARN_UNREACHABLE_CODE = YES;
				CLANG_WARN__DUPLICATE_METHOD_MATCH = YES;
				CODE_SIGN_IDENTITY = "-";
				COPY_PHASE_STRIP = NO;
				DEBUG_INFORMATION_FORMAT = "dwarf-with-dsym";
				ENABLE_NS_ASSERTIONS = NO;
				ENABLE_STRICT_OBJC_MSGSEND = YES;
				GCC_C_LANGUAGE_STANDARD = gnu99;
				GCC_NO_COMMON_BLOCKS = YES;
				GCC_WARN_64_TO_32_BIT_CONVERSION = YES;
				GCC_WARN_ABOUT_RETURN_TYPE = YES_ERROR;
				GCC_WARN_UNDECLARED_SELECTOR = YES;
				GCC_WARN_UNINITIALIZED_AUTOS = YES_AGGRESSIVE;
				GCC_WARN_UNUSED_FUNCTION = YES;
				GCC_WARN_UNUSED_VARIABLE = YES;
				MACOSX_DEPLOYMENT_TARGET = 10.10;
				MTL_ENABLE_DEBUG_INFO = NO;
				SDKROOT = macosx;
			};
			name = Release;
		};
		9B714AB023D2DBEB0053EC7E /* Debug */ = {
			isa = XCBuildConfiguration;
			buildSettings = {
				CONFIGURATION_BUILD_DIR = ../../bin;
				HEADER_SEARCH_PATHS = (
					/opt/X11/include,
					/opt/X11/include/freetype2,
					../../../include,
				);
				LIBRARY_SEARCH_PATHS = ../../sbin/api;
				OBJROOT = "/Users/zwq/工程/Easily-tmp/macos";
				PRODUCT_NAME = "$(TARGET_NAME)";
				SYMROOT = ../../bin;
			};
			name = Debug;
		};
		9B714AB123D2DBEB0053EC7E /* Release */ = {
			isa = XCBuildConfiguration;
			buildSettings = {
				CONFIGURATION_BUILD_DIR = ../../bin;
				HEADER_SEARCH_PATHS = (
					/opt/X11/include,
					/opt/X11/include/freetype2,
					../../../include,
				);
				LIBRARY_SEARCH_PATHS = ../../sbin/api;
				OBJROOT = "/Users/zwq/工程/Easily-tmp/macos";
				PRODUCT_NAME = "$(TARGET_NAME)";
				SYMROOT = ../../bin;
			};
			name = Release;
		};
/* End XCBuildConfiguration section */

/* Begin XCConfigurationList section */
		9B714AA323D2DBEB0053EC7E /* Build configuration list for PBXProject "xdl_file_test" */ = {
			isa = XCConfigurationList;
			buildConfigurations = (
				9B714AAD23D2DBEB0053EC7E /* Debug */,
				9B714AAE23D2DBEB0053EC7E /* Release */,
			);
			defaultConfigurationIsVisible = 0;
			defaultConfigurationName = Release;
		};
		9B714AAF23D2DBEB0053EC7E /* Build configuration list for PBXNativeTarget "xdl_file_test" */ = {
			isa = XCConfigurationList;
			buildConfigurations = (
				9B714AB023D2DBEB0053EC7E /* Debug */,
				9B714AB123D2DBEB0053EC7E /* Release */,
			);
			defaultConfigurationIsVisible = 0;
		};
/* End XCConfigurationList section */
	};
	rootObject = 9B714AA023D2DBEB0053EC7E /* Project object */;
}
